{
  "version": 4,
  "terraform_version": "1.5.7",
  "serial": 146,
  "lineage": "16f3df01-7952-aa93-332d-d72e95e8cd86",
  "outputs": {
    "cluster_arn": {
      "value": "arn:aws:eks:eu-central-1:248141357101:cluster/multi-cloud-ecommerce-eks",
      "type": "string"
    },
    "cluster_endpoint": {
      "value": "https://B72C2F2DD5DEFC9BA81B34FAAE6516ED.gr7.eu-central-1.eks.amazonaws.com",
      "type": "string"
    },
    "cluster_id": {
      "value": "multi-cloud-ecommerce-eks",
      "type": "string"
    },
    "cluster_security_group_id": {
      "value": "sg-0a3a587dacb070405",
      "type": "string"
    },
    "kubectl_config": {
      "value": "aws eks update-kubeconfig --region eu-central-1 --name multi-cloud-ecommerce-eks",
      "type": "string"
    },
    "vpc_id": {
      "value": "vpc-001df175eb3459625",
      "type": "string"
    }
  },
  "resources": [
    {
      "mode": "data",
      "type": "aws_availability_zones",
      "name": "available",
      "provider": "provider[\"registry.terraform.io/hashicorp/aws\"]",
      "instances": [
        {
          "schema_version": 0,
          "attributes": {
            "all_availability_zones": null,
            "exclude_names": null,
            "exclude_zone_ids": null,
            "filter": [
              {
                "name": "zone-name",
                "values": [
                  "eu-central-1a",
                  "eu-central-1b",
                  "eu-central-1c"
                ]
              }
            ],
            "group_names": [
              "eu-central-1-zg-1"
            ],
            "id": "eu-central-1",
            "names": [
              "eu-central-1a",
              "eu-central-1b",
              "eu-central-1c"
            ],
            "state": "available",
            "timeouts": null,
            "zone_ids": [
              "euc1-az2",
              "euc1-az3",
              "euc1-az1"
            ]
          },
          "sensitive_attributes": []
        }
      ]
    },
    {
      "mode": "data",
      "type": "aws_eks_cluster",
      "name": "cluster",
      "provider": "provider[\"registry.terraform.io/hashicorp/aws\"]",
      "instances": [
        {
          "schema_version": 0,
          "attributes": {
            "access_config": [
              {
                "authentication_mode": "CONFIG_MAP",
                "bootstrap_cluster_creator_admin_permissions": true
              }
            ],
            "arn": "arn:aws:eks:eu-central-1:248141357101:cluster/multi-cloud-ecommerce-eks",
            "certificate_authority": [
              {
                "data": "LS0tLS1CRUdJTiBDRVJUSUZJQ0FURS0tLS0tCk1JSURCVENDQWUyZ0F3SUJBZ0lJWGJ6WlJtU3gvVFF3RFFZSktvWklodmNOQVFFTEJRQXdGVEVUTUJFR0ExVUUKQXhNS2EzVmlaWEp1WlhSbGN6QWVGdzB5TlRBM01qSXhOek0yTWpGYUZ3MHpOVEEzTWpBeE56UXhNakZhTUJVeApFekFSQmdOVkJBTVRDbXQxWW1WeWJtVjBaWE13Z2dFaU1BMEdDU3FHU0liM0RRRUJBUVVBQTRJQkR3QXdnZ0VLCkFvSUJBUURjeWYwUnFkRUxoOFpGS0VxYk05dy9vTnNpZXhUQ0NMTm1YYlcyVHdnMHpXT2REcmNVQ01yaDNBM1UKaWlwMTBveTdhSlVtNExsMGtENGJBM0VxQitIZnMxZTYzL2kwa25SdmJBQlZFajFVYVhWVUFTVGV5SUh3SFVvYwpPK2pYam5NU1dQaTNwL3JIZ3VPMHVvZmg0K2w0UTRUM21ITWdoN2JUeENsYWlEY2w3dkNQS0g0WlVXcmtQLzBtClAwQmh4RURyWFAvQVRmRnhUODgxd21RR3dRUSt6b01ndkFjbjF3NVdETDlyWDBsN3p5MnNVNk9NK0R2S1hIU04KYXh2NkhLWktjRE1RVDJ6dnlGWkJKc2dzWkFIN2xkbEI3MDlWQ0hMcEQ3VTZjT08xbTBRbWJsNmVRSUR5L3YxUgpGSHR1Y1V0NGdLUDNpL3dVMFlmY3dzc3hoS2w3QWdNQkFBR2pXVEJYTUE0R0ExVWREd0VCL3dRRUF3SUNwREFQCkJnTlZIUk1CQWY4RUJUQURBUUgvTUIwR0ExVWREZ1FXQkJTSEthN3U3Tjd4Q2xQVU5IV2daSW5pY1lQb3pEQVYKQmdOVkhSRUVEakFNZ2dwcmRXSmxjbTVsZEdWek1BMEdDU3FHU0liM0RRRUJDd1VBQTRJQkFRRFpDVk1JTjRBMApzYU40cWpXVktlVFVkK2pFdnVZT0xIazgxM2lpQUppVllRMjNUQ1ZhekNWMUJPdE5CS2ZrNUp2ZzFGYWE4ay9RCmIyRHJnMHUvWEtnYzVsSUgvVDlwVjkrSGN0SlFVWXFCeTN2NmlDOUIvUmp1RmtYdGlndmFjK2lWcWFSbW56UUcKSndmQ3p2MURqMjlCTXhUYlB2eEdqV2Y0UUZhOFUzZWF2UWFwZ3FVVmVqNzI3U3BPZ0ZKZitLWlpqS2NHUGZsWApnRnpPTWpLb1NDeEkvZk16Zi9NcTUwVmtra21TQnB3ZVZwaThpK0dIdEJENU43VDZFTTJySk9rTW9iV3dxanc4Cmh0Yi9XZmJ0NWRMVjc0NXlDYzg1emlzSktQODhLWWRxL095WlQxM2c1WDQ3WmRBVHk0bWdpUFE1dGhOQnIrV0MKeW1haTJDUVNjdGdFCi0tLS0tRU5EIENFUlRJRklDQVRFLS0tLS0K"
              }
            ],
            "cluster_id": null,
            "compute_config": [],
            "created_at": "2025-07-22T17:37:15Z",
            "enabled_cluster_log_types": [],
            "endpoint": "https://B72C2F2DD5DEFC9BA81B34FAAE6516ED.gr7.eu-central-1.eks.amazonaws.com",
            "id": "multi-cloud-ecommerce-eks",
            "identity": [
              {
                "oidc": [
                  {
                    "issuer": "https://oidc.eks.eu-central-1.amazonaws.com/id/B72C2F2DD5DEFC9BA81B34FAAE6516ED"
                  }
                ]
              }
            ],
            "kubernetes_network_config": [
              {
                "elastic_load_balancing": [
                  {
                    "enabled": false
                  }
                ],
                "ip_family": "ipv4",
                "service_ipv4_cidr": "172.20.0.0/16",
                "service_ipv6_cidr": ""
              }
            ],
            "name": "multi-cloud-ecommerce-eks",
            "outpost_config": [],
            "platform_version": "eks.37",
            "remote_network_config": [],
            "role_arn": "arn:aws:iam::248141357101:role/multi-cloud-ecommerce-eks-cluster-role",
            "status": "ACTIVE",
            "storage_config": [],
            "tags": {
              "Environment": "dev",
              "ManagedBy": "terraform",
              "Name": "multi-cloud-ecommerce-eks",
              "Owner": "munaf-albayati",
              "Project": "multi-cloud-ecommerce"
            },
            "upgrade_policy": [
              {
                "support_type": "EXTENDED"
              }
            ],
            "version": "1.30",
            "vpc_config": [
              {
                "cluster_security_group_id": "sg-0cb5a4f4bc36e455f",
                "endpoint_private_access": true,
                "endpoint_public_access": true,
                "public_access_cidrs": [
                  "0.0.0.0/0"
                ],
                "security_group_ids": [
                  "sg-0a3a587dacb070405"
                ],
                "subnet_ids": [
                  "subnet-028cf2021e344fe70",
                  "subnet-095d04f546af159bd",
                  "subnet-09ab7acca3129643d",
                  "subnet-0d2408212aae8a29b"
                ],
                "vpc_id": "vpc-001df175eb3459625"
              }
            ],
            "zonal_shift_config": []
          },
          "sensitive_attributes": []
        }
      ]
    },
    {
      "mode": "data",
      "type": "aws_eks_cluster_auth",
      "name": "cluster",
      "provider": "provider[\"registry.terraform.io/hashicorp/aws\"]",
      "instances": [
        {
          "schema_version": 0,
          "attributes": {
            "id": "multi-cloud-ecommerce-eks",
            "name": "multi-cloud-ecommerce-eks",
            "token": "k8s-aws-v1.aHR0cHM6Ly9zdHMuZXUtY2VudHJhbC0xLmFtYXpvbmF3cy5jb20vP0FjdGlvbj1HZXRDYWxsZXJJZGVudGl0eSZWZXJzaW9uPTIwMTEtMDYtMTUmWC1BbXotQWxnb3JpdGhtPUFXUzQtSE1BQy1TSEEyNTYmWC1BbXotQ3JlZGVudGlhbD1BS0lBVFRSVEFVQVdRTDNWUlQ0TiUyRjIwMjUwNzIyJTJGZXUtY2VudHJhbC0xJTJGc3RzJTJGYXdzNF9yZXF1ZXN0JlgtQW16LURhdGU9MjAyNTA3MjJUMjA1NTM1WiZYLUFtei1FeHBpcmVzPTAmWC1BbXotU2lnbmVkSGVhZGVycz1ob3N0JTNCeC1rOHMtYXdzLWlkJlgtQW16LVNpZ25hdHVyZT0wODNkNWQyYmM0M2ZlODNmN2JiOWNiZjViNWYwZTU1ODE1NWE1OGVlYzZkNDBjNDRhNzMyZDZkZGRlZmFjN2Nl"
          },
          "sensitive_attributes": []
        }
      ]
    },
    {
      "mode": "managed",
      "type": "aws_eip",
      "name": "nat",
      "provider": "provider[\"registry.terraform.io/hashicorp/aws\"]",
      "instances": [
        {
          "index_key": 0,
          "schema_version": 0,
          "attributes": {
            "address": null,
            "allocation_id": "eipalloc-080ad9767ab2c0f03",
            "arn": "arn:aws:ec2:eu-central-1:248141357101:elastic-ip/eipalloc-080ad9767ab2c0f03",
            "associate_with_private_ip": null,
            "association_id": "eipassoc-09433eee58edf9533",
            "carrier_ip": "",
            "customer_owned_ip": "",
            "customer_owned_ipv4_pool": "",
            "domain": "vpc",
            "id": "eipalloc-080ad9767ab2c0f03",
            "instance": "",
            "ipam_pool_id": null,
            "network_border_group": "eu-central-1",
            "network_interface": "eni-0a0328c732aa92860",
            "private_dns": "ip-10-0-10-135.eu-central-1.compute.internal",
            "private_ip": "10.0.10.135",
            "ptr_record": "",
            "public_dns": "ec2-63-178-141-9.eu-central-1.compute.amazonaws.com",
            "public_ip": "63.178.141.9",
            "public_ipv4_pool": "amazon",
            "tags": {
              "Name": "multi-cloud-ecommerce-nat-eip-1"
            },
            "tags_all": {
              "Environment": "dev",
              "ManagedBy": "terraform",
              "Name": "multi-cloud-ecommerce-nat-eip-1",
              "Owner": "munaf-albayati",
              "Project": "multi-cloud-ecommerce"
            },
            "timeouts": null,
            "vpc": true
          },
          "sensitive_attributes": [],
          "private": "eyJlMmJmYjczMC1lY2FhLTExZTYtOGY4OC0zNDM2M2JjN2M0YzAiOnsiZGVsZXRlIjoxODAwMDAwMDAwMDAsInJlYWQiOjkwMDAwMDAwMDAwMCwidXBkYXRlIjozMDAwMDAwMDAwMDB9fQ==",
          "dependencies": [
            "aws_internet_gateway.main",
            "aws_vpc.main"
          ]
        },
        {
          "index_key": 1,
          "schema_version": 0,
          "attributes": {
            "address": null,
            "allocation_id": "eipalloc-05ff5b87283dc5c21",
            "arn": "arn:aws:ec2:eu-central-1:248141357101:elastic-ip/eipalloc-05ff5b87283dc5c21",
            "associate_with_private_ip": null,
            "association_id": "eipassoc-0e45c20b21a0bfa73",
            "carrier_ip": "",
            "customer_owned_ip": "",
            "customer_owned_ipv4_pool": "",
            "domain": "vpc",
            "id": "eipalloc-05ff5b87283dc5c21",
            "instance": "",
            "ipam_pool_id": null,
            "network_border_group": "eu-central-1",
            "network_interface": "eni-00b85036deef8708e",
            "private_dns": "ip-10-0-11-131.eu-central-1.compute.internal",
            "private_ip": "10.0.11.131",
            "ptr_record": "",
            "public_dns": "ec2-3-126-156-232.eu-central-1.compute.amazonaws.com",
            "public_ip": "3.126.156.232",
            "public_ipv4_pool": "amazon",
            "tags": {
              "Name": "multi-cloud-ecommerce-nat-eip-2"
            },
            "tags_all": {
              "Environment": "dev",
              "ManagedBy": "terraform",
              "Name": "multi-cloud-ecommerce-nat-eip-2",
              "Owner": "munaf-albayati",
              "Project": "multi-cloud-ecommerce"
            },
            "timeouts": null,
            "vpc": true
          },
          "sensitive_attributes": [],
          "private": "eyJlMmJmYjczMC1lY2FhLTExZTYtOGY4OC0zNDM2M2JjN2M0YzAiOnsiZGVsZXRlIjoxODAwMDAwMDAwMDAsInJlYWQiOjkwMDAwMDAwMDAwMCwidXBkYXRlIjozMDAwMDAwMDAwMDB9fQ==",
          "dependencies": [
            "aws_internet_gateway.main",
            "aws_vpc.main"
          ]
        }
      ]
    },
    {
      "mode": "managed",
      "type": "aws_eks_cluster",
      "name": "main",
      "provider": "provider[\"registry.terraform.io/hashicorp/aws\"]",
      "instances": [
        {
          "schema_version": 1,
          "attributes": {
            "access_config": [
              {
                "authentication_mode": "CONFIG_MAP",
                "bootstrap_cluster_creator_admin_permissions": true
              }
            ],
            "arn": "arn:aws:eks:eu-central-1:248141357101:cluster/multi-cloud-ecommerce-eks",
            "bootstrap_self_managed_addons": true,
            "certificate_authority": [
              {
                "data": "LS0tLS1CRUdJTiBDRVJUSUZJQ0FURS0tLS0tCk1JSURCVENDQWUyZ0F3SUJBZ0lJWGJ6WlJtU3gvVFF3RFFZSktvWklodmNOQVFFTEJRQXdGVEVUTUJFR0ExVUUKQXhNS2EzVmlaWEp1WlhSbGN6QWVGdzB5TlRBM01qSXhOek0yTWpGYUZ3MHpOVEEzTWpBeE56UXhNakZhTUJVeApFekFSQmdOVkJBTVRDbXQxWW1WeWJtVjBaWE13Z2dFaU1BMEdDU3FHU0liM0RRRUJBUVVBQTRJQkR3QXdnZ0VLCkFvSUJBUURjeWYwUnFkRUxoOFpGS0VxYk05dy9vTnNpZXhUQ0NMTm1YYlcyVHdnMHpXT2REcmNVQ01yaDNBM1UKaWlwMTBveTdhSlVtNExsMGtENGJBM0VxQitIZnMxZTYzL2kwa25SdmJBQlZFajFVYVhWVUFTVGV5SUh3SFVvYwpPK2pYam5NU1dQaTNwL3JIZ3VPMHVvZmg0K2w0UTRUM21ITWdoN2JUeENsYWlEY2w3dkNQS0g0WlVXcmtQLzBtClAwQmh4RURyWFAvQVRmRnhUODgxd21RR3dRUSt6b01ndkFjbjF3NVdETDlyWDBsN3p5MnNVNk9NK0R2S1hIU04KYXh2NkhLWktjRE1RVDJ6dnlGWkJKc2dzWkFIN2xkbEI3MDlWQ0hMcEQ3VTZjT08xbTBRbWJsNmVRSUR5L3YxUgpGSHR1Y1V0NGdLUDNpL3dVMFlmY3dzc3hoS2w3QWdNQkFBR2pXVEJYTUE0R0ExVWREd0VCL3dRRUF3SUNwREFQCkJnTlZIUk1CQWY4RUJUQURBUUgvTUIwR0ExVWREZ1FXQkJTSEthN3U3Tjd4Q2xQVU5IV2daSW5pY1lQb3pEQVYKQmdOVkhSRUVEakFNZ2dwcmRXSmxjbTVsZEdWek1BMEdDU3FHU0liM0RRRUJDd1VBQTRJQkFRRFpDVk1JTjRBMApzYU40cWpXVktlVFVkK2pFdnVZT0xIazgxM2lpQUppVllRMjNUQ1ZhekNWMUJPdE5CS2ZrNUp2ZzFGYWE4ay9RCmIyRHJnMHUvWEtnYzVsSUgvVDlwVjkrSGN0SlFVWXFCeTN2NmlDOUIvUmp1RmtYdGlndmFjK2lWcWFSbW56UUcKSndmQ3p2MURqMjlCTXhUYlB2eEdqV2Y0UUZhOFUzZWF2UWFwZ3FVVmVqNzI3U3BPZ0ZKZitLWlpqS2NHUGZsWApnRnpPTWpLb1NDeEkvZk16Zi9NcTUwVmtra21TQnB3ZVZwaThpK0dIdEJENU43VDZFTTJySk9rTW9iV3dxanc4Cmh0Yi9XZmJ0NWRMVjc0NXlDYzg1emlzSktQODhLWWRxL095WlQxM2c1WDQ3WmRBVHk0bWdpUFE1dGhOQnIrV0MKeW1haTJDUVNjdGdFCi0tLS0tRU5EIENFUlRJRklDQVRFLS0tLS0K"
              }
            ],
            "cluster_id": null,
            "compute_config": [],
            "created_at": "2025-07-22T17:37:15Z",
            "enabled_cluster_log_types": [],
            "encryption_config": [],
            "endpoint": "https://B72C2F2DD5DEFC9BA81B34FAAE6516ED.gr7.eu-central-1.eks.amazonaws.com",
            "force_update_version": null,
            "id": "multi-cloud-ecommerce-eks",
            "identity": [
              {
                "oidc": [
                  {
                    "issuer": "https://oidc.eks.eu-central-1.amazonaws.com/id/B72C2F2DD5DEFC9BA81B34FAAE6516ED"
                  }
                ]
              }
            ],
            "kubernetes_network_config": [
              {
                "elastic_load_balancing": [
                  {
                    "enabled": false
                  }
                ],
                "ip_family": "ipv4",
                "service_ipv4_cidr": "172.20.0.0/16",
                "service_ipv6_cidr": ""
              }
            ],
            "name": "multi-cloud-ecommerce-eks",
            "outpost_config": [],
            "platform_version": "eks.37",
            "remote_network_config": [],
            "role_arn": "arn:aws:iam::248141357101:role/multi-cloud-ecommerce-eks-cluster-role",
            "status": "ACTIVE",
            "storage_config": [],
            "tags": {
              "Name": "multi-cloud-ecommerce-eks"
            },
            "tags_all": {
              "Environment": "dev",
              "ManagedBy": "terraform",
              "Name": "multi-cloud-ecommerce-eks",
              "Owner": "munaf-albayati",
              "Project": "multi-cloud-ecommerce"
            },
            "timeouts": null,
            "upgrade_policy": [
              {
                "support_type": "EXTENDED"
              }
            ],
            "version": "1.30",
            "vpc_config": [
              {
                "cluster_security_group_id": "sg-0cb5a4f4bc36e455f",
                "endpoint_private_access": true,
                "endpoint_public_access": true,
                "public_access_cidrs": [
                  "0.0.0.0/0"
                ],
                "security_group_ids": [
                  "sg-0a3a587dacb070405"
                ],
                "subnet_ids": [
                  "subnet-028cf2021e344fe70",
                  "subnet-095d04f546af159bd",
                  "subnet-09ab7acca3129643d",
                  "subnet-0d2408212aae8a29b"
                ],
                "vpc_id": "vpc-001df175eb3459625"
              }
            ],
            "zonal_shift_config": []
          },
          "sensitive_attributes": [],
          "private": "eyJlMmJmYjczMC1lY2FhLTExZTYtOGY4OC0zNDM2M2JjN2M0YzAiOnsiY3JlYXRlIjoxODAwMDAwMDAwMDAwLCJkZWxldGUiOjkwMDAwMDAwMDAwMCwidXBkYXRlIjozNjAwMDAwMDAwMDAwfSwic2NoZW1hX3ZlcnNpb24iOiIxIn0=",
          "dependencies": [
            "aws_iam_role.eks_cluster",
            "aws_iam_role_policy_attachment.eks_cluster_policy",
            "aws_security_group.eks_cluster",
            "aws_subnet.private",
            "aws_subnet.public",
            "aws_vpc.main",
            "data.aws_availability_zones.available"
          ]
        }
      ]
    },
    {
      "mode": "managed",
      "type": "aws_eks_node_group",
      "name": "main",
      "provider": "provider[\"registry.terraform.io/hashicorp/aws\"]",
      "instances": [
        {
          "schema_version": 0,
          "attributes": {
            "ami_type": "AL2023_x86_64_STANDARD",
            "arn": "arn:aws:eks:eu-central-1:248141357101:nodegroup/multi-cloud-ecommerce-eks/multi-cloud-ecommerce-eks-nodes/5ecc19f5-d5f4-a473-018e-2ac028b0f4ef",
            "capacity_type": "ON_DEMAND",
            "cluster_name": "multi-cloud-ecommerce-eks",
            "disk_size": 20,
            "force_update_version": null,
            "id": "multi-cloud-ecommerce-eks:multi-cloud-ecommerce-eks-nodes",
            "instance_types": [
              "t3.medium"
            ],
            "labels": null,
            "launch_template": [],
            "node_group_name": "multi-cloud-ecommerce-eks-nodes",
            "node_group_name_prefix": "",
            "node_repair_config": [],
            "node_role_arn": "arn:aws:iam::248141357101:role/multi-cloud-ecommerce-eks-node-group-role",
            "release_version": "1.30.11-20250715",
            "remote_access": [],
            "resources": [
              {
                "autoscaling_groups": [
                  {
                    "name": "eks-multi-cloud-ecommerce-eks-nodes-5ecc19f5-d5f4-a473-018e-2ac028b0f4ef"
                  }
                ],
                "remote_access_security_group_id": ""
              }
            ],
            "scaling_config": [
              {
                "desired_size": 2,
                "max_size": 4,
                "min_size": 1
              }
            ],
            "status": "ACTIVE",
            "subnet_ids": [
              "subnet-028cf2021e344fe70",
              "subnet-095d04f546af159bd"
            ],
            "tags": {
              "Name": "multi-cloud-ecommerce-eks-node-group"
            },
            "tags_all": {
              "Environment": "dev",
              "ManagedBy": "terraform",
              "Name": "multi-cloud-ecommerce-eks-node-group",
              "Owner": "munaf-albayati",
              "Project": "multi-cloud-ecommerce"
            },
            "taint": [],
            "timeouts": null,
            "update_config": [
              {
                "max_unavailable": 1,
                "max_unavailable_percentage": 0
              }
            ],
            "version": "1.30"
          },
          "sensitive_attributes": [],
          "private": "eyJlMmJmYjczMC1lY2FhLTExZTYtOGY4OC0zNDM2M2JjN2M0YzAiOnsiY3JlYXRlIjozNjAwMDAwMDAwMDAwLCJkZWxldGUiOjM2MDAwMDAwMDAwMDAsInVwZGF0ZSI6MzYwMDAwMDAwMDAwMH19",
          "dependencies": [
            "aws_eks_cluster.main",
            "aws_iam_role.eks_node_group",
            "aws_iam_role_policy_attachment.eks_cni_policy",
            "aws_iam_role_policy_attachment.eks_container_registry_policy",
            "aws_iam_role_policy_attachment.eks_worker_node_policy",
            "aws_subnet.private"
          ]
        }
      ]
    },
    {
      "mode": "managed",
      "type": "aws_iam_role",
      "name": "eks_cluster",
      "provider": "provider[\"registry.terraform.io/hashicorp/aws\"]",
      "instances": [
        {
          "schema_version": 0,
          "attributes": {
            "arn": "arn:aws:iam::248141357101:role/multi-cloud-ecommerce-eks-cluster-role",
            "assume_role_policy": "{\"Statement\":[{\"Action\":\"sts:AssumeRole\",\"Effect\":\"Allow\",\"Principal\":{\"Service\":\"eks.amazonaws.com\"}}],\"Version\":\"2012-10-17\"}",
            "create_date": "2025-07-22T17:06:31Z",
            "description": "",
            "force_detach_policies": false,
            "id": "multi-cloud-ecommerce-eks-cluster-role",
            "inline_policy": [],
            "managed_policy_arns": [
              "arn:aws:iam::aws:policy/AmazonEKSClusterPolicy"
            ],
            "max_session_duration": 3600,
            "name": "multi-cloud-ecommerce-eks-cluster-role",
            "name_prefix": "",
            "path": "/",
            "permissions_boundary": "",
            "tags": {},
            "tags_all": {
              "Environment": "dev",
              "ManagedBy": "terraform",
              "Owner": "munaf-albayati",
              "Project": "multi-cloud-ecommerce"
            },
            "unique_id": "AROATTRTAUAW5URZVUR5L"
          },
          "sensitive_attributes": [],
          "private": "bnVsbA=="
        }
      ]
    },
    {
      "mode": "managed",
      "type": "aws_iam_role",
      "name": "eks_node_group",
      "provider": "provider[\"registry.terraform.io/hashicorp/aws\"]",
      "instances": [
        {
          "schema_version": 0,
          "attributes": {
            "arn": "arn:aws:iam::248141357101:role/multi-cloud-ecommerce-eks-node-group-role",
            "assume_role_policy": "{\"Statement\":[{\"Action\":\"sts:AssumeRole\",\"Effect\":\"Allow\",\"Principal\":{\"Service\":\"ec2.amazonaws.com\"}}],\"Version\":\"2012-10-17\"}",
            "create_date": "2025-07-22T17:06:31Z",
            "description": "",
            "force_detach_policies": false,
            "id": "multi-cloud-ecommerce-eks-node-group-role",
            "inline_policy": [],
            "managed_policy_arns": [
              "arn:aws:iam::aws:policy/AmazonEC2ContainerRegistryReadOnly",
              "arn:aws:iam::aws:policy/AmazonEKSWorkerNodePolicy",
              "arn:aws:iam::aws:policy/AmazonEKS_CNI_Policy"
            ],
            "max_session_duration": 3600,
            "name": "multi-cloud-ecommerce-eks-node-group-role",
            "name_prefix": "",
            "path": "/",
            "permissions_boundary": "",
            "tags": {},
            "tags_all": {
              "Environment": "dev",
              "ManagedBy": "terraform",
              "Owner": "munaf-albayati",
              "Project": "multi-cloud-ecommerce"
            },
            "unique_id": "AROATTRTAUAWXVEJRGTU5"
          },
          "sensitive_attributes": [],
          "private": "bnVsbA=="
        }
      ]
    },
    {
      "mode": "managed",
      "type": "aws_iam_role_policy_attachment",
      "name": "eks_cluster_policy",
      "provider": "provider[\"registry.terraform.io/hashicorp/aws\"]",
      "instances": [
        {
          "schema_version": 0,
          "attributes": {
            "id": "multi-cloud-ecommerce-eks-cluster-role-20250722170632329800000003",
            "policy_arn": "arn:aws:iam::aws:policy/AmazonEKSClusterPolicy",
            "role": "multi-cloud-ecommerce-eks-cluster-role"
          },
          "sensitive_attributes": [],
          "private": "bnVsbA==",
          "dependencies": [
            "aws_iam_role.eks_cluster"
          ]
        }
      ]
    },
    {
      "mode": "managed",
      "type": "aws_iam_role_policy_attachment",
      "name": "eks_cni_policy",
      "provider": "provider[\"registry.terraform.io/hashicorp/aws\"]",
      "instances": [
        {
          "schema_version": 0,
          "attributes": {
            "id": "multi-cloud-ecommerce-eks-node-group-role-20250722170632144000000001",
            "policy_arn": "arn:aws:iam::aws:policy/AmazonEKS_CNI_Policy",
            "role": "multi-cloud-ecommerce-eks-node-group-role"
          },
          "sensitive_attributes": [],
          "private": "bnVsbA==",
          "dependencies": [
            "aws_iam_role.eks_node_group"
          ]
        }
      ]
    },
    {
      "mode": "managed",
      "type": "aws_iam_role_policy_attachment",
      "name": "eks_container_registry_policy",
      "provider": "provider[\"registry.terraform.io/hashicorp/aws\"]",
      "instances": [
        {
          "schema_version": 0,
          "attributes": {
            "id": "multi-cloud-ecommerce-eks-node-group-role-20250722170632351500000004",
            "policy_arn": "arn:aws:iam::aws:policy/AmazonEC2ContainerRegistryReadOnly",
            "role": "multi-cloud-ecommerce-eks-node-group-role"
          },
          "sensitive_attributes": [],
          "private": "bnVsbA==",
          "dependencies": [
            "aws_iam_role.eks_node_group"
          ]
        }
      ]
    },
    {
      "mode": "managed",
      "type": "aws_iam_role_policy_attachment",
      "name": "eks_worker_node_policy",
      "provider": "provider[\"registry.terraform.io/hashicorp/aws\"]",
      "instances": [
        {
          "schema_version": 0,
          "attributes": {
            "id": "multi-cloud-ecommerce-eks-node-group-role-20250722170632157600000002",
            "policy_arn": "arn:aws:iam::aws:policy/AmazonEKSWorkerNodePolicy",
            "role": "multi-cloud-ecommerce-eks-node-group-role"
          },
          "sensitive_attributes": [],
          "private": "bnVsbA==",
          "dependencies": [
            "aws_iam_role.eks_node_group"
          ]
        }
      ]
    },
    {
      "mode": "managed",
      "type": "aws_internet_gateway",
      "name": "main",
      "provider": "provider[\"registry.terraform.io/hashicorp/aws\"]",
      "instances": [
        {
          "schema_version": 0,
          "attributes": {
            "arn": "arn:aws:ec2:eu-central-1:248141357101:internet-gateway/igw-0f4fcf7539f481c99",
            "id": "igw-0f4fcf7539f481c99",
            "owner_id": "248141357101",
            "tags": {
              "Name": "multi-cloud-ecommerce-igw"
            },
            "tags_all": {
              "Environment": "dev",
              "ManagedBy": "terraform",
              "Name": "multi-cloud-ecommerce-igw",
              "Owner": "munaf-albayati",
              "Project": "multi-cloud-ecommerce"
            },
            "timeouts": null,
            "vpc_id": "vpc-001df175eb3459625"
          },
          "sensitive_attributes": [],
          "private": "eyJlMmJmYjczMC1lY2FhLTExZTYtOGY4OC0zNDM2M2JjN2M0YzAiOnsiY3JlYXRlIjoxMjAwMDAwMDAwMDAwLCJkZWxldGUiOjEyMDAwMDAwMDAwMDAsInVwZGF0ZSI6MTIwMDAwMDAwMDAwMH19",
          "dependencies": [
            "aws_vpc.main"
          ]
        }
      ]
    },
    {
      "mode": "managed",
      "type": "aws_nat_gateway",
      "name": "main",
      "provider": "provider[\"registry.terraform.io/hashicorp/aws\"]",
      "instances": [
        {
          "index_key": 0,
          "schema_version": 0,
          "attributes": {
            "allocation_id": "eipalloc-080ad9767ab2c0f03",
            "association_id": "eipassoc-09433eee58edf9533",
            "connectivity_type": "public",
            "id": "nat-062b8d3f3e603f97c",
            "network_interface_id": "eni-0a0328c732aa92860",
            "private_ip": "10.0.10.135",
            "public_ip": "63.178.141.9",
            "secondary_allocation_ids": [],
            "secondary_private_ip_address_count": 0,
            "secondary_private_ip_addresses": [],
            "subnet_id": "subnet-09ab7acca3129643d",
            "tags": {
              "Name": "multi-cloud-ecommerce-nat-gateway-1"
            },
            "tags_all": {
              "Environment": "dev",
              "ManagedBy": "terraform",
              "Name": "multi-cloud-ecommerce-nat-gateway-1",
              "Owner": "munaf-albayati",
              "Project": "multi-cloud-ecommerce"
            },
            "timeouts": null
          },
          "sensitive_attributes": [],
          "private": "eyJlMmJmYjczMC1lY2FhLTExZTYtOGY4OC0zNDM2M2JjN2M0YzAiOnsiY3JlYXRlIjo2MDAwMDAwMDAwMDAsImRlbGV0ZSI6MTgwMDAwMDAwMDAwMCwidXBkYXRlIjo2MDAwMDAwMDAwMDB9fQ==",
          "dependencies": [
            "aws_eip.nat",
            "aws_internet_gateway.main",
            "aws_subnet.public",
            "aws_vpc.main",
            "data.aws_availability_zones.available"
          ]
        },
        {
          "index_key": 1,
          "schema_version": 0,
          "attributes": {
            "allocation_id": "eipalloc-05ff5b87283dc5c21",
            "association_id": "eipassoc-0e45c20b21a0bfa73",
            "connectivity_type": "public",
            "id": "nat-0323ca7e3e1a3446c",
            "network_interface_id": "eni-00b85036deef8708e",
            "private_ip": "10.0.11.131",
            "public_ip": "3.126.156.232",
            "secondary_allocation_ids": [],
            "secondary_private_ip_address_count": 0,
            "secondary_private_ip_addresses": [],
            "subnet_id": "subnet-0d2408212aae8a29b",
            "tags": {
              "Name": "multi-cloud-ecommerce-nat-gateway-2"
            },
            "tags_all": {
              "Environment": "dev",
              "ManagedBy": "terraform",
              "Name": "multi-cloud-ecommerce-nat-gateway-2",
              "Owner": "munaf-albayati",
              "Project": "multi-cloud-ecommerce"
            },
            "timeouts": null
          },
          "sensitive_attributes": [],
          "private": "eyJlMmJmYjczMC1lY2FhLTExZTYtOGY4OC0zNDM2M2JjN2M0YzAiOnsiY3JlYXRlIjo2MDAwMDAwMDAwMDAsImRlbGV0ZSI6MTgwMDAwMDAwMDAwMCwidXBkYXRlIjo2MDAwMDAwMDAwMDB9fQ==",
          "dependencies": [
            "aws_eip.nat",
            "aws_internet_gateway.main",
            "aws_subnet.public",
            "aws_vpc.main",
            "data.aws_availability_zones.available"
          ]
        }
      ]
    },
    {
      "mode": "managed",
      "type": "aws_route_table",
      "name": "private",
      "provider": "provider[\"registry.terraform.io/hashicorp/aws\"]",
      "instances": [
        {
          "index_key": 0,
          "schema_version": 0,
          "attributes": {
            "arn": "arn:aws:ec2:eu-central-1:248141357101:route-table/rtb-06045146f3fa2e9de",
            "id": "rtb-06045146f3fa2e9de",
            "owner_id": "248141357101",
            "propagating_vgws": [],
            "route": [
              {
                "carrier_gateway_id": "",
                "cidr_block": "0.0.0.0/0",
                "core_network_arn": "",
                "destination_prefix_list_id": "",
                "egress_only_gateway_id": "",
                "gateway_id": "",
                "ipv6_cidr_block": "",
                "local_gateway_id": "",
                "nat_gateway_id": "nat-062b8d3f3e603f97c",
                "network_interface_id": "",
                "transit_gateway_id": "",
                "vpc_endpoint_id": "",
                "vpc_peering_connection_id": ""
              }
            ],
            "tags": {
              "Name": "multi-cloud-ecommerce-private-rt-1"
            },
            "tags_all": {
              "Environment": "dev",
              "ManagedBy": "terraform",
              "Name": "multi-cloud-ecommerce-private-rt-1",
              "Owner": "munaf-albayati",
              "Project": "multi-cloud-ecommerce"
            },
            "timeouts": null,
            "vpc_id": "vpc-001df175eb3459625"
          },
          "sensitive_attributes": [],
          "private": "eyJlMmJmYjczMC1lY2FhLTExZTYtOGY4OC0zNDM2M2JjN2M0YzAiOnsiY3JlYXRlIjozMDAwMDAwMDAwMDAsImRlbGV0ZSI6MzAwMDAwMDAwMDAwLCJ1cGRhdGUiOjEyMDAwMDAwMDAwMH19",
          "dependencies": [
            "aws_eip.nat",
            "aws_internet_gateway.main",
            "aws_nat_gateway.main",
            "aws_subnet.public",
            "aws_vpc.main",
            "data.aws_availability_zones.available"
          ]
        },
        {
          "index_key": 1,
          "schema_version": 0,
          "attributes": {
            "arn": "arn:aws:ec2:eu-central-1:248141357101:route-table/rtb-09c8e7e6baf9bf820",
            "id": "rtb-09c8e7e6baf9bf820",
            "owner_id": "248141357101",
            "propagating_vgws": [],
            "route": [
              {
                "carrier_gateway_id": "",
                "cidr_block": "0.0.0.0/0",
                "core_network_arn": "",
                "destination_prefix_list_id": "",
                "egress_only_gateway_id": "",
                "gateway_id": "",
                "ipv6_cidr_block": "",
                "local_gateway_id": "",
                "nat_gateway_id": "nat-0323ca7e3e1a3446c",
                "network_interface_id": "",
                "transit_gateway_id": "",
                "vpc_endpoint_id": "",
                "vpc_peering_connection_id": ""
              }
            ],
            "tags": {
              "Name": "multi-cloud-ecommerce-private-rt-2"
            },
            "tags_all": {
              "Environment": "dev",
              "ManagedBy": "terraform",
              "Name": "multi-cloud-ecommerce-private-rt-2",
              "Owner": "munaf-albayati",
              "Project": "multi-cloud-ecommerce"
            },
            "timeouts": null,
            "vpc_id": "vpc-001df175eb3459625"
          },
          "sensitive_attributes": [],
          "private": "eyJlMmJmYjczMC1lY2FhLTExZTYtOGY4OC0zNDM2M2JjN2M0YzAiOnsiY3JlYXRlIjozMDAwMDAwMDAwMDAsImRlbGV0ZSI6MzAwMDAwMDAwMDAwLCJ1cGRhdGUiOjEyMDAwMDAwMDAwMH19",
          "dependencies": [
            "aws_eip.nat",
            "aws_internet_gateway.main",
            "aws_nat_gateway.main",
            "aws_subnet.public",
            "aws_vpc.main",
            "data.aws_availability_zones.available"
          ]
        }
      ]
    },
    {
      "mode": "managed",
      "type": "aws_route_table",
      "name": "public",
      "provider": "provider[\"registry.terraform.io/hashicorp/aws\"]",
      "instances": [
        {
          "schema_version": 0,
          "attributes": {
            "arn": "arn:aws:ec2:eu-central-1:248141357101:route-table/rtb-0479d81345e4e2141",
            "id": "rtb-0479d81345e4e2141",
            "owner_id": "248141357101",
            "propagating_vgws": [],
            "route": [
              {
                "carrier_gateway_id": "",
                "cidr_block": "0.0.0.0/0",
                "core_network_arn": "",
                "destination_prefix_list_id": "",
                "egress_only_gateway_id": "",
                "gateway_id": "igw-0f4fcf7539f481c99",
                "ipv6_cidr_block": "",
                "local_gateway_id": "",
                "nat_gateway_id": "",
                "network_interface_id": "",
                "transit_gateway_id": "",
                "vpc_endpoint_id": "",
                "vpc_peering_connection_id": ""
              }
            ],
            "tags": {
              "Name": "multi-cloud-ecommerce-public-rt"
            },
            "tags_all": {
              "Environment": "dev",
              "ManagedBy": "terraform",
              "Name": "multi-cloud-ecommerce-public-rt",
              "Owner": "munaf-albayati",
              "Project": "multi-cloud-ecommerce"
            },
            "timeouts": null,
            "vpc_id": "vpc-001df175eb3459625"
          },
          "sensitive_attributes": [],
          "private": "eyJlMmJmYjczMC1lY2FhLTExZTYtOGY4OC0zNDM2M2JjN2M0YzAiOnsiY3JlYXRlIjozMDAwMDAwMDAwMDAsImRlbGV0ZSI6MzAwMDAwMDAwMDAwLCJ1cGRhdGUiOjEyMDAwMDAwMDAwMH19",
          "dependencies": [
            "aws_internet_gateway.main",
            "aws_vpc.main"
          ]
        }
      ]
    },
    {
      "mode": "managed",
      "type": "aws_route_table_association",
      "name": "private",
      "provider": "provider[\"registry.terraform.io/hashicorp/aws\"]",
      "instances": [
        {
          "index_key": 0,
          "schema_version": 0,
          "attributes": {
            "gateway_id": "",
            "id": "rtbassoc-079cceea0c3a828ac",
            "route_table_id": "rtb-06045146f3fa2e9de",
            "subnet_id": "subnet-095d04f546af159bd",
            "timeouts": null
          },
          "sensitive_attributes": [],
          "private": "eyJlMmJmYjczMC1lY2FhLTExZTYtOGY4OC0zNDM2M2JjN2M0YzAiOnsiY3JlYXRlIjozMDAwMDAwMDAwMDAsImRlbGV0ZSI6MzAwMDAwMDAwMDAwLCJ1cGRhdGUiOjEyMDAwMDAwMDAwMH19",
          "dependencies": [
            "aws_eip.nat",
            "aws_internet_gateway.main",
            "aws_nat_gateway.main",
            "aws_route_table.private",
            "aws_subnet.private",
            "aws_subnet.public",
            "aws_vpc.main",
            "data.aws_availability_zones.available"
          ]
        },
        {
          "index_key": 1,
          "schema_version": 0,
          "attributes": {
            "gateway_id": "",
            "id": "rtbassoc-0c96f5e187ec7f506",
            "route_table_id": "rtb-09c8e7e6baf9bf820",
            "subnet_id": "subnet-028cf2021e344fe70",
            "timeouts": null
          },
          "sensitive_attributes": [],
          "private": "eyJlMmJmYjczMC1lY2FhLTExZTYtOGY4OC0zNDM2M2JjN2M0YzAiOnsiY3JlYXRlIjozMDAwMDAwMDAwMDAsImRlbGV0ZSI6MzAwMDAwMDAwMDAwLCJ1cGRhdGUiOjEyMDAwMDAwMDAwMH19",
          "dependencies": [
            "aws_eip.nat",
            "aws_internet_gateway.main",
            "aws_nat_gateway.main",
            "aws_route_table.private",
            "aws_subnet.private",
            "aws_subnet.public",
            "aws_vpc.main",
            "data.aws_availability_zones.available"
          ]
        }
      ]
    },
    {
      "mode": "managed",
      "type": "aws_route_table_association",
      "name": "public",
      "provider": "provider[\"registry.terraform.io/hashicorp/aws\"]",
      "instances": [
        {
          "index_key": 0,
          "schema_version": 0,
          "attributes": {
            "gateway_id": "",
            "id": "rtbassoc-0ed0dff638c05c02b",
            "route_table_id": "rtb-0479d81345e4e2141",
            "subnet_id": "subnet-09ab7acca3129643d",
            "timeouts": null
          },
          "sensitive_attributes": [],
          "private": "eyJlMmJmYjczMC1lY2FhLTExZTYtOGY4OC0zNDM2M2JjN2M0YzAiOnsiY3JlYXRlIjozMDAwMDAwMDAwMDAsImRlbGV0ZSI6MzAwMDAwMDAwMDAwLCJ1cGRhdGUiOjEyMDAwMDAwMDAwMH19",
          "dependencies": [
            "aws_internet_gateway.main",
            "aws_route_table.public",
            "aws_subnet.public",
            "aws_vpc.main",
            "data.aws_availability_zones.available"
          ]
        },
        {
          "index_key": 1,
          "schema_version": 0,
          "attributes": {
            "gateway_id": "",
            "id": "rtbassoc-0d9d051e80e9234a4",
            "route_table_id": "rtb-0479d81345e4e2141",
            "subnet_id": "subnet-0d2408212aae8a29b",
            "timeouts": null
          },
          "sensitive_attributes": [],
          "private": "eyJlMmJmYjczMC1lY2FhLTExZTYtOGY4OC0zNDM2M2JjN2M0YzAiOnsiY3JlYXRlIjozMDAwMDAwMDAwMDAsImRlbGV0ZSI6MzAwMDAwMDAwMDAwLCJ1cGRhdGUiOjEyMDAwMDAwMDAwMH19",
          "dependencies": [
            "aws_internet_gateway.main",
            "aws_route_table.public",
            "aws_subnet.public",
            "aws_vpc.main",
            "data.aws_availability_zones.available"
          ]
        }
      ]
    },
    {
      "mode": "managed",
      "type": "aws_security_group",
      "name": "eks_cluster",
      "provider": "provider[\"registry.terraform.io/hashicorp/aws\"]",
      "instances": [
        {
          "schema_version": 1,
          "attributes": {
            "arn": "arn:aws:ec2:eu-central-1:248141357101:security-group/sg-0a3a587dacb070405",
            "description": "Managed by Terraform",
            "egress": [
              {
                "cidr_blocks": [
                  "0.0.0.0/0"
                ],
                "description": "",
                "from_port": 0,
                "ipv6_cidr_blocks": [],
                "prefix_list_ids": [],
                "protocol": "-1",
                "security_groups": [],
                "self": false,
                "to_port": 0
              }
            ],
            "id": "sg-0a3a587dacb070405",
            "ingress": [],
            "name": "multi-cloud-ecommerce-eks-cluster-20250722170642818200000005",
            "name_prefix": "multi-cloud-ecommerce-eks-cluster-",
            "owner_id": "248141357101",
            "revoke_rules_on_delete": false,
            "tags": {
              "Name": "multi-cloud-ecommerce-eks-cluster-sg"
            },
            "tags_all": {
              "Environment": "dev",
              "ManagedBy": "terraform",
              "Name": "multi-cloud-ecommerce-eks-cluster-sg",
              "Owner": "munaf-albayati",
              "Project": "multi-cloud-ecommerce"
            },
            "timeouts": null,
            "vpc_id": "vpc-001df175eb3459625"
          },
          "sensitive_attributes": [],
          "private": "eyJlMmJmYjczMC1lY2FhLTExZTYtOGY4OC0zNDM2M2JjN2M0YzAiOnsiY3JlYXRlIjo2MDAwMDAwMDAwMDAsImRlbGV0ZSI6OTAwMDAwMDAwMDAwfSwic2NoZW1hX3ZlcnNpb24iOiIxIn0=",
          "dependencies": [
            "aws_vpc.main"
          ]
        }
      ]
    },
    {
      "mode": "managed",
      "type": "aws_security_group",
      "name": "eks_nodes",
      "provider": "provider[\"registry.terraform.io/hashicorp/aws\"]",
      "instances": [
        {
          "schema_version": 1,
          "attributes": {
            "arn": "arn:aws:ec2:eu-central-1:248141357101:security-group/sg-035346d6b6053f945",
            "description": "Managed by Terraform",
            "egress": [
              {
                "cidr_blocks": [
                  "0.0.0.0/0"
                ],
                "description": "",
                "from_port": 0,
                "ipv6_cidr_blocks": [],
                "prefix_list_ids": [],
                "protocol": "-1",
                "security_groups": [],
                "self": false,
                "to_port": 0
              }
            ],
            "id": "sg-035346d6b6053f945",
            "ingress": [
              {
                "cidr_blocks": [],
                "description": "",
                "from_port": 0,
                "ipv6_cidr_blocks": [],
                "prefix_list_ids": [],
                "protocol": "tcp",
                "security_groups": [],
                "self": true,
                "to_port": 65535
              },
              {
                "cidr_blocks": [],
                "description": "",
                "from_port": 1025,
                "ipv6_cidr_blocks": [],
                "prefix_list_ids": [],
                "protocol": "tcp",
                "security_groups": [
                  "sg-0a3a587dacb070405"
                ],
                "self": false,
                "to_port": 65535
              },
              {
                "cidr_blocks": [],
                "description": "",
                "from_port": 443,
                "ipv6_cidr_blocks": [],
                "prefix_list_ids": [],
                "protocol": "tcp",
                "security_groups": [
                  "sg-0a3a587dacb070405"
                ],
                "self": false,
                "to_port": 443
              }
            ],
            "name": "multi-cloud-ecommerce-eks-nodes-20250722170645075300000007",
            "name_prefix": "multi-cloud-ecommerce-eks-nodes-",
            "owner_id": "248141357101",
            "revoke_rules_on_delete": false,
            "tags": {
              "Name": "multi-cloud-ecommerce-eks-nodes-sg"
            },
            "tags_all": {
              "Environment": "dev",
              "ManagedBy": "terraform",
              "Name": "multi-cloud-ecommerce-eks-nodes-sg",
              "Owner": "munaf-albayati",
              "Project": "multi-cloud-ecommerce"
            },
            "timeouts": null,
            "vpc_id": "vpc-001df175eb3459625"
          },
          "sensitive_attributes": [],
          "private": "eyJlMmJmYjczMC1lY2FhLTExZTYtOGY4OC0zNDM2M2JjN2M0YzAiOnsiY3JlYXRlIjo2MDAwMDAwMDAwMDAsImRlbGV0ZSI6OTAwMDAwMDAwMDAwfSwic2NoZW1hX3ZlcnNpb24iOiIxIn0=",
          "dependencies": [
            "aws_security_group.eks_cluster",
            "aws_vpc.main"
          ]
        }
      ]
    },
    {
      "mode": "managed",
      "type": "aws_subnet",
      "name": "private",
      "provider": "provider[\"registry.terraform.io/hashicorp/aws\"]",
      "instances": [
        {
          "index_key": 0,
          "schema_version": 1,
          "attributes": {
            "arn": "arn:aws:ec2:eu-central-1:248141357101:subnet/subnet-095d04f546af159bd",
            "assign_ipv6_address_on_creation": false,
            "availability_zone": "eu-central-1a",
            "availability_zone_id": "euc1-az2",
            "cidr_block": "10.0.1.0/24",
            "customer_owned_ipv4_pool": "",
            "enable_dns64": false,
            "enable_lni_at_device_index": 0,
            "enable_resource_name_dns_a_record_on_launch": false,
            "enable_resource_name_dns_aaaa_record_on_launch": false,
            "id": "subnet-095d04f546af159bd",
            "ipv6_cidr_block": "",
            "ipv6_cidr_block_association_id": "",
            "ipv6_native": false,
            "map_customer_owned_ip_on_launch": false,
            "map_public_ip_on_launch": false,
            "outpost_arn": "",
            "owner_id": "248141357101",
            "private_dns_hostname_type_on_launch": "ip-name",
            "tags": {
              "Name": "multi-cloud-ecommerce-private-subnet-1",
              "Type": "private",
              "kubernetes.io/cluster/multi-cloud-ecommerce-eks": "shared",
              "kubernetes.io/role/internal-elb": "1"
            },
            "tags_all": {
              "Environment": "dev",
              "ManagedBy": "terraform",
              "Name": "multi-cloud-ecommerce-private-subnet-1",
              "Owner": "munaf-albayati",
              "Project": "multi-cloud-ecommerce",
              "Type": "private",
              "kubernetes.io/cluster/multi-cloud-ecommerce-eks": "shared",
              "kubernetes.io/role/internal-elb": "1"
            },
            "timeouts": null,
            "vpc_id": "vpc-001df175eb3459625"
          },
          "sensitive_attributes": [],
          "private": "eyJlMmJmYjczMC1lY2FhLTExZTYtOGY4OC0zNDM2M2JjN2M0YzAiOnsiY3JlYXRlIjo2MDAwMDAwMDAwMDAsImRlbGV0ZSI6MTIwMDAwMDAwMDAwMH0sInNjaGVtYV92ZXJzaW9uIjoiMSJ9",
          "dependencies": [
            "aws_vpc.main",
            "data.aws_availability_zones.available"
          ]
        },
        {
          "index_key": 1,
          "schema_version": 1,
          "attributes": {
            "arn": "arn:aws:ec2:eu-central-1:248141357101:subnet/subnet-028cf2021e344fe70",
            "assign_ipv6_address_on_creation": false,
            "availability_zone": "eu-central-1b",
            "availability_zone_id": "euc1-az3",
            "cidr_block": "10.0.2.0/24",
            "customer_owned_ipv4_pool": "",
            "enable_dns64": false,
            "enable_lni_at_device_index": 0,
            "enable_resource_name_dns_a_record_on_launch": false,
            "enable_resource_name_dns_aaaa_record_on_launch": false,
            "id": "subnet-028cf2021e344fe70",
            "ipv6_cidr_block": "",
            "ipv6_cidr_block_association_id": "",
            "ipv6_native": false,
            "map_customer_owned_ip_on_launch": false,
            "map_public_ip_on_launch": false,
            "outpost_arn": "",
            "owner_id": "248141357101",
            "private_dns_hostname_type_on_launch": "ip-name",
            "tags": {
              "Name": "multi-cloud-ecommerce-private-subnet-2",
              "Type": "private",
              "kubernetes.io/cluster/multi-cloud-ecommerce-eks": "shared",
              "kubernetes.io/role/internal-elb": "1"
            },
            "tags_all": {
              "Environment": "dev",
              "ManagedBy": "terraform",
              "Name": "multi-cloud-ecommerce-private-subnet-2",
              "Owner": "munaf-albayati",
              "Project": "multi-cloud-ecommerce",
              "Type": "private",
              "kubernetes.io/cluster/multi-cloud-ecommerce-eks": "shared",
              "kubernetes.io/role/internal-elb": "1"
            },
            "timeouts": null,
            "vpc_id": "vpc-001df175eb3459625"
          },
          "sensitive_attributes": [],
          "private": "eyJlMmJmYjczMC1lY2FhLTExZTYtOGY4OC0zNDM2M2JjN2M0YzAiOnsiY3JlYXRlIjo2MDAwMDAwMDAwMDAsImRlbGV0ZSI6MTIwMDAwMDAwMDAwMH0sInNjaGVtYV92ZXJzaW9uIjoiMSJ9",
          "dependencies": [
            "aws_vpc.main",
            "data.aws_availability_zones.available"
          ]
        }
      ]
    },
    {
      "mode": "managed",
      "type": "aws_subnet",
      "name": "public",
      "provider": "provider[\"registry.terraform.io/hashicorp/aws\"]",
      "instances": [
        {
          "index_key": 0,
          "schema_version": 1,
          "attributes": {
            "arn": "arn:aws:ec2:eu-central-1:248141357101:subnet/subnet-09ab7acca3129643d",
            "assign_ipv6_address_on_creation": false,
            "availability_zone": "eu-central-1a",
            "availability_zone_id": "euc1-az2",
            "cidr_block": "10.0.10.0/24",
            "customer_owned_ipv4_pool": "",
            "enable_dns64": false,
            "enable_lni_at_device_index": 0,
            "enable_resource_name_dns_a_record_on_launch": false,
            "enable_resource_name_dns_aaaa_record_on_launch": false,
            "id": "subnet-09ab7acca3129643d",
            "ipv6_cidr_block": "",
            "ipv6_cidr_block_association_id": "",
            "ipv6_native": false,
            "map_customer_owned_ip_on_launch": false,
            "map_public_ip_on_launch": true,
            "outpost_arn": "",
            "owner_id": "248141357101",
            "private_dns_hostname_type_on_launch": "ip-name",
            "tags": {
              "Name": "multi-cloud-ecommerce-public-subnet-1",
              "Type": "public",
              "kubernetes.io/cluster/multi-cloud-ecommerce-eks": "shared",
              "kubernetes.io/role/elb": "1"
            },
            "tags_all": {
              "Environment": "dev",
              "ManagedBy": "terraform",
              "Name": "multi-cloud-ecommerce-public-subnet-1",
              "Owner": "munaf-albayati",
              "Project": "multi-cloud-ecommerce",
              "Type": "public",
              "kubernetes.io/cluster/multi-cloud-ecommerce-eks": "shared",
              "kubernetes.io/role/elb": "1"
            },
            "timeouts": null,
            "vpc_id": "vpc-001df175eb3459625"
          },
          "sensitive_attributes": [],
          "private": "eyJlMmJmYjczMC1lY2FhLTExZTYtOGY4OC0zNDM2M2JjN2M0YzAiOnsiY3JlYXRlIjo2MDAwMDAwMDAwMDAsImRlbGV0ZSI6MTIwMDAwMDAwMDAwMH0sInNjaGVtYV92ZXJzaW9uIjoiMSJ9",
          "dependencies": [
            "aws_vpc.main",
            "data.aws_availability_zones.available"
          ]
        },
        {
          "index_key": 1,
          "schema_version": 1,
          "attributes": {
            "arn": "arn:aws:ec2:eu-central-1:248141357101:subnet/subnet-0d2408212aae8a29b",
            "assign_ipv6_address_on_creation": false,
            "availability_zone": "eu-central-1b",
            "availability_zone_id": "euc1-az3",
            "cidr_block": "10.0.11.0/24",
            "customer_owned_ipv4_pool": "",
            "enable_dns64": false,
            "enable_lni_at_device_index": 0,
            "enable_resource_name_dns_a_record_on_launch": false,
            "enable_resource_name_dns_aaaa_record_on_launch": false,
            "id": "subnet-0d2408212aae8a29b",
            "ipv6_cidr_block": "",
            "ipv6_cidr_block_association_id": "",
            "ipv6_native": false,
            "map_customer_owned_ip_on_launch": false,
            "map_public_ip_on_launch": true,
            "outpost_arn": "",
            "owner_id": "248141357101",
            "private_dns_hostname_type_on_launch": "ip-name",
            "tags": {
              "Name": "multi-cloud-ecommerce-public-subnet-2",
              "Type": "public",
              "kubernetes.io/cluster/multi-cloud-ecommerce-eks": "shared",
              "kubernetes.io/role/elb": "1"
            },
            "tags_all": {
              "Environment": "dev",
              "ManagedBy": "terraform",
              "Name": "multi-cloud-ecommerce-public-subnet-2",
              "Owner": "munaf-albayati",
              "Project": "multi-cloud-ecommerce",
              "Type": "public",
              "kubernetes.io/cluster/multi-cloud-ecommerce-eks": "shared",
              "kubernetes.io/role/elb": "1"
            },
            "timeouts": null,
            "vpc_id": "vpc-001df175eb3459625"
          },
          "sensitive_attributes": [],
          "private": "eyJlMmJmYjczMC1lY2FhLTExZTYtOGY4OC0zNDM2M2JjN2M0YzAiOnsiY3JlYXRlIjo2MDAwMDAwMDAwMDAsImRlbGV0ZSI6MTIwMDAwMDAwMDAwMH0sInNjaGVtYV92ZXJzaW9uIjoiMSJ9",
          "dependencies": [
            "aws_vpc.main",
            "data.aws_availability_zones.available"
          ]
        }
      ]
    },
    {
      "mode": "managed",
      "type": "aws_vpc",
      "name": "main",
      "provider": "provider[\"registry.terraform.io/hashicorp/aws\"]",
      "instances": [
        {
          "schema_version": 1,
          "attributes": {
            "arn": "arn:aws:ec2:eu-central-1:248141357101:vpc/vpc-001df175eb3459625",
            "assign_generated_ipv6_cidr_block": false,
            "cidr_block": "10.0.0.0/16",
            "default_network_acl_id": "acl-0c72b241f86e95e7d",
            "default_route_table_id": "rtb-02099983c58875206",
            "default_security_group_id": "sg-0f0a34f6c338cd9c3",
            "dhcp_options_id": "dopt-01f5bbf294e203822",
            "enable_dns_hostnames": true,
            "enable_dns_support": true,
            "enable_network_address_usage_metrics": false,
            "id": "vpc-001df175eb3459625",
            "instance_tenancy": "default",
            "ipv4_ipam_pool_id": null,
            "ipv4_netmask_length": null,
            "ipv6_association_id": "",
            "ipv6_cidr_block": "",
            "ipv6_cidr_block_network_border_group": "",
            "ipv6_ipam_pool_id": "",
            "ipv6_netmask_length": 0,
            "main_route_table_id": "rtb-02099983c58875206",
            "owner_id": "248141357101",
            "tags": {
              "Name": "multi-cloud-ecommerce-vpc",
              "kubernetes.io/cluster/multi-cloud-ecommerce-eks": "shared"
            },
            "tags_all": {
              "Environment": "dev",
              "ManagedBy": "terraform",
              "Name": "multi-cloud-ecommerce-vpc",
              "Owner": "munaf-albayati",
              "Project": "multi-cloud-ecommerce",
              "kubernetes.io/cluster/multi-cloud-ecommerce-eks": "shared"
            }
          },
          "sensitive_attributes": [],
          "private": "eyJzY2hlbWFfdmVyc2lvbiI6IjEifQ=="
        }
      ]
    }
  ],
  "check_results": null
}
