{
  "version": 4,
  "terraform_version": "1.5.7",
  "serial": 59,
  "lineage": "7d30da38-f153-6356-69f8-12415475e647",
  "outputs": {
    "cluster_ca_certificate": {
      "value": "LS0tLS1CRUdJTiBDRVJUSUZJQ0FURS0tLS0tCk1JSUU2RENDQXRDZ0F3SUJBZ0lRREdqL1ZuU3JJbXlBMEN1UjZUVDk1REFOQmdrcWhraUc5dzBCQVFzRkFEQU4KTVFzd0NRWURWUVFERXdKallUQWdGdzB5TlRBM01qSXhOVFF3TURkYUdBOHlNRFUxTURjeU1qRTFOVEF3TjFvdwpEVEVMTUFrR0ExVUVBeE1DWTJFd2dnSWlNQTBHQ1NxR1NJYjNEUUVCQVFVQUE0SUNEd0F3Z2dJS0FvSUNBUUM5CktNNlFwUXNJMEIzMjV4V3RGRHRVK0p0Y2F2bG5jbi9zdjgzYWVnMlRmQTR3T25TQ2RjVTBLK2NoTHdNU1ZEOHIKaXdCcm9vbjVoZnVKa1oremh1b04rbFFUMXRqN0RrVzY3Z041MjZzQjZuWmMwMU1oQU5qUmxxaG42elEzYXFMWgpIYlVFV09HVTFYUW1tWUVlaCtBVG5NaURieGRPVXhySW1yWksyQlJ1ckZ1RHRIeWpiYklUS0E3NStkbkhydEVTCkJGeXowNXZDMDJMTlhMU0dQZ2dmSTFPbFNWZzFRNG9SbkJLL25BSS9OVWJlMzFyRURyUVdrdVBDbjV3empCZTEKNjVqa3hDcTJYN3JTdjRZbjlOK28xdEI5VTVZWFRMQlk2eGFHdFJ4UEZTQnpZY3A1cFc3M0tmdnNkWTJhSG1GaQpBUlI0YXc2TXpycTZKRUV1clJCVURlNlVTY1hxZ3ZFVG9pTE03MWdDNVBSTElZNmFsUWhpTUZIR2xlTXlPSlAyCkNCNXdRNzJBanZkdEQrbU9ETWp4VnZHV3FuS1FMbE1OQTg2bGI5M1dRTWlnSm53S3ZCMUt0a0Y5a1pYR3NYRS8Kc3YwcGN2THJWMHpMRllBTDZ6QXdwZmZVMFdjNU53Qm5VLzZMV1AzcUZMWURZd2ExNU5Ec0JpZEt5cFNXS3lMQQpvRHRkVDRYRGtpaElWdW0vckVKVXQ2Sk5PMVo1SmxDMWIzTlo0S0JoNW4zS3Vhd0FNNnE3UXFFNDRUd2RqWk1lCnFEdEYySUk2bjVyNHNUNWZYenFrVCtFcE1KTmVtemxUeGcyUWt4My9RV3E2UUN5Y25HN1hhalJlUWJUcnhWZFIKZVlWL1haSnRQVVlFdmh0d2pIa3dUbjI2WVgvVkVDNnIydTU5NkVLN1J3SURBUUFCbzBJd1FEQU9CZ05WSFE4QgpBZjhFQkFNQ0FxUXdEd1lEVlIwVEFRSC9CQVV3QXdFQi96QWRCZ05WSFE0RUZnUVV4ODFtekhwQXZ5aldrTlJ3CmJ2QVB1Mm04WmRVd0RRWUpLb1pJaHZjTkFRRUxCUUFEZ2dJQkFHMjg3SmZKcjhSSThDZENtNEc1R0tLTGxRaEEKVTJDRkJTS3YwMkdoUWh5cTk0VkdjWXk2RUhCcXdLZzVTT042NTNWUGRJZWFKTGxMaGFyN0lIb0FwbHY2bmY4VgpTY0U3TjNVRW55c2M4aENzYzB0WmtkOFZUUmNmTWYwbWVxRU8yRm1Demg0TkV3TGs3eU1mL2JkOGRkaXAyQmd3CjdHMnc2SmxhTUJCQjJTczhlUDNDNGIvdm1lVlNVcER0azJpV1IrZzlNbXJCUmluKzJHMGV5Z05sbjlaK3RFcEEKRFRpY0pQS2VvSmpJdSs3dkoxYlFJc1VHTnIvdEtSaEJ5VmRRQ0h1cFFyVmxlb0pLdGNjWnVtaEtXemh5cXNzMQpocnU1T2V1NUR1SGtvYy95T0V2NFJHSnd4MXhaTnFCeGM5bGZuUGFCVzBidFA5K0NoVXVEaFdLQWRwaXVQQWJ5CmxUY2xSM2ovay9jZDczbjkyMTBaY3RDS3YrMy9aSVRhZ0RjWDZFOVc5NXFybTV6Qk1lY3p0SVZCYVVQMXZtalQKUllhMFc2UmQzenM4QnFGUCtKZHN6UkgxR2dxMUVJTVA0QzZQRWloVitDWHFBak9MaGNPTXp1NEEzVitQYzBWdQplM3dYc3hpamNxQzZOaDJCTEJoYXgzZ0dOUnQ0d1F2VXd6azA5TWJRMUdMMEt2eE1BYlpZVHg1OU5McXprTUE5CmpPUmUzZ0ZmcnppcExERk9kZU1FL2dhc1ZlQ1hPb2M0Q2Jabmc1K2YxNTNuTWtJUkFESW1xSW95OVBiMnZDYVoKUjk1bDdhUE8xalY1UW8ySjdhd1lXVEMwWExTWFNtN2R5T3FxaUtPOHNUNzZoaGVXeDd2cE9jcW9mRkRSMEJxNwo0ajhWT0FldEpIMzZKVlNiCi0tLS0tRU5EIENFUlRJRklDQVRFLS0tLS0K",
      "type": "string",
      "sensitive": true
    },
    "cluster_endpoint": {
      "value": "https://multi-cloud-ecommerce-aks-vs0bkrld.hcp.northeurope.azmk8s.io:443",
      "type": "string",
      "sensitive": true
    },
    "cluster_name": {
      "value": "multi-cloud-ecommerce-aks",
      "type": "string"
    },
    "kube_config": {
      "value": "az aks get-credentials --resource-group multi-cloud-ecommerce-rg --name multi-cloud-ecommerce-aks",
      "type": "string"
    },
    "log_analytics_workspace_id": {
      "value": "/subscriptions/7b0cdfdd-5d01-48c7-a2a3-ea8579421ab9/resourceGroups/multi-cloud-ecommerce-rg/providers/Microsoft.OperationalInsights/workspaces/multi-cloud-ecommerce-logs",
      "type": "string"
    },
    "public_ip": {
      "value": "52.236.124.177",
      "type": "string"
    },
    "resource_group_name": {
      "value": "multi-cloud-ecommerce-rg",
      "type": "string"
    }
  },
  "resources": [
    {
      "mode": "managed",
      "type": "azurerm_kubernetes_cluster",
      "name": "main",
      "provider": "provider[\"registry.terraform.io/hashicorp/azurerm\"]",
      "instances": [
        {
          "schema_version": 2,
          "attributes": {
            "aci_connector_linux": [],
            "api_server_access_profile": [],
            "api_server_authorized_ip_ranges": [],
            "auto_scaler_profile": [],
            "automatic_channel_upgrade": "",
            "azure_active_directory_role_based_access_control": [],
            "azure_policy_enabled": true,
            "confidential_computing": [],
            "cost_analysis_enabled": false,
            "current_kubernetes_version": "1.30.12",
            "custom_ca_trust_certificates_base64": [],
            "default_node_pool": [
              {
                "capacity_reservation_group_id": "",
                "custom_ca_trust_enabled": false,
                "enable_auto_scaling": false,
                "enable_host_encryption": false,
                "enable_node_public_ip": false,
                "fips_enabled": false,
                "gpu_instance": "",
                "host_group_id": "",
                "kubelet_config": [],
                "kubelet_disk_type": "OS",
                "linux_os_config": [],
                "max_count": 0,
                "max_pods": 30,
                "message_of_the_day": "",
                "min_count": 0,
                "name": "default",
                "node_count": 2,
                "node_labels": {},
                "node_network_profile": [],
                "node_public_ip_prefix_id": "",
                "node_taints": [],
                "only_critical_addons_enabled": false,
                "orchestrator_version": "1.30.12",
                "os_disk_size_gb": 30,
                "os_disk_type": "Managed",
                "os_sku": "Ubuntu",
                "pod_subnet_id": "",
                "proximity_placement_group_id": "",
                "scale_down_mode": "Delete",
                "snapshot_id": "",
                "tags": {
                  "Name": "default-node-pool"
                },
                "temporary_name_for_rotation": "",
                "type": "VirtualMachineScaleSets",
                "ultra_ssd_enabled": false,
                "upgrade_settings": [
                  {
                    "drain_timeout_in_minutes": 0,
                    "max_surge": "10%",
                    "node_soak_duration_in_minutes": 0
                  }
                ],
                "vm_size": "Standard_B2s",
                "vnet_subnet_id": "/subscriptions/7b0cdfdd-5d01-48c7-a2a3-ea8579421ab9/resourceGroups/multi-cloud-ecommerce-rg/providers/Microsoft.Network/virtualNetworks/multi-cloud-ecommerce-vnet/subnets/multi-cloud-ecommerce-subnet",
                "workload_runtime": "",
                "zones": []
              }
            ],
            "disk_encryption_set_id": "",
            "dns_prefix": "multi-cloud-ecommerce-aks",
            "dns_prefix_private_cluster": "",
            "edge_zone": "",
            "enable_pod_security_policy": false,
            "fqdn": "multi-cloud-ecommerce-aks-vs0bkrld.hcp.northeurope.azmk8s.io",
            "http_application_routing_enabled": false,
            "http_application_routing_zone_name": "",
            "http_proxy_config": [],
            "id": "/subscriptions/7b0cdfdd-5d01-48c7-a2a3-ea8579421ab9/resourceGroups/multi-cloud-ecommerce-rg/providers/Microsoft.ContainerService/managedClusters/multi-cloud-ecommerce-aks",
            "identity": [
              {
                "identity_ids": [],
                "principal_id": "fb9e16d7-b8ac-40a0-8af9-2f5f64b45088",
                "tenant_id": "b85853d7-f258-4f43-b7c0-5fa9c49c4922",
                "type": "SystemAssigned"
              }
            ],
            "image_cleaner_enabled": false,
            "image_cleaner_interval_hours": 48,
            "ingress_application_gateway": [],
            "key_management_service": [],
            "key_vault_secrets_provider": [],
            "kube_admin_config": [],
            "kube_admin_config_raw": "",
            "kube_config": [
              {
                "client_certificate": "LS0tLS1CRUdJTiBDRVJUSUZJQ0FURS0tLS0tCk1JSUZIakNDQXdhZ0F3SUJBZ0lSQUtwRXlILzJyVHE1YWpwUmZMcDREZmd3RFFZSktvWklodmNOQVFFTEJRQXcKRFRFTE1Ba0dBMVVFQXhNQ1kyRXdIaGNOTWpVd056SXlNVFUwTURBM1doY05NamN3TnpJeU1UVTFNREEzV2pBdwpNUmN3RlFZRFZRUUtFdzV6ZVhOMFpXMDZiV0Z6ZEdWeWN6RVZNQk1HQTFVRUF4TU1iV0Z6ZEdWeVkyeHBaVzUwCk1JSUNJakFOQmdrcWhraUc5dzBCQVFFRkFBT0NBZzhBTUlJQ0NnS0NBZ0VBcFBmR205RThaaE1vZEgrMDVMSHAKWFFCdkRwRFRyMDk5Q2xtdkhHUkFjcWlLRUdOYXFRNlMyLzZNOFFvSUpqVWpUZmp2MFFyV3dEdytFZHlOcjFpQwpMRUN2Ujd0Mkc5dEtuMlRRdElkU0JCMktLenJRTXdOQURCMjVUUWxPaFNVblBRRXZEZWZ4d0VlR1Z0TWN4Z1NhCmlwMHhLV01CN0FvMCtLK1NrYlBLWlhGZFdGTGtSbHgwYTR0bFVvclFsd0JzM1ZsY21IT05LbTJaUjZHT0dXL2UKaDM5MmdUVFY1Z0pEbFBacDNybm0vbEdqeVVuTW82Zmt1N3k0QTE3VXdFTStMamFpbWFwZ21pcFVIaXo0Smc0Ngp5NUVyZnlKS3FlK0l5NXY2RlhZcEZtTVBaK0Y0cFRkdlFXUWdibm1YUlc3aW5sNzR0M1JxTlJuRk9jTGdhdjlZCnBWRVNxQllyc3g4enNWRyt6WWpkUXI2QkZ4N1F6dWhhNWxENDFPOGtHa1ZaeW1mZHphN212NUprVVBTb1ZuRnAKUHBMT3lBOUR5cGtBSmdtaE9vWFhXeVJhcGU0ZjA2L3VSS2E4YnMrSU5nMDVJcXFUUi9vT3h0eGRCTEpQWDBoYwpNMUpWY3g5NzBERFlMSUZDdWVDLy9qL2NqN2V1SnRlb1VvRjVKa043anhDTVdrelI0T1RHNkR5Tkd2Zjc2OW5jCjlGdVJNNWREZmxpYnV2aWYrUy90MWgyRkE0TytkNC92S3FzNDZmYVc0SUROOU5lMG1pS2VyWnJHZGNzaTlOWWQKL3R1VzNVTnNPL2ZMYjVhMjQ0Um0xbS9xYTU1OCthUmxJMHp6aUszV0FVUVNHdmxXa1ZnSUhaT1V4UllldkJ3bQpHMVljcmV6THJCREplRkNaKzRQNGxMc0NBd0VBQWFOV01GUXdEZ1lEVlIwUEFRSC9CQVFEQWdXZ01CTUdBMVVkCkpRUU1NQW9HQ0NzR0FRVUZCd01DTUF3R0ExVWRFd0VCL3dRQ01BQXdId1lEVlIwakJCZ3dGb0FVeDgxbXpIcEEKdnlqV2tOUndidkFQdTJtOFpkVXdEUVlKS29aSWh2Y05BUUVMQlFBRGdnSUJBTEFTWHFZQzJzRlAzNEFGU0ZJVwpEOHhFbDB2RW9BanBKOGIxMGFENkhpZXYrdHFuY2FuZ1JLSno0ckQyRlB0aHVlUVpNWFZIRE5FbWNZbFh5Um4wCkZ0V1VzOVhEdVJJd0I2LzEzMDFwUlZOSlNrRFM5TWRDUlB4dVl1OW1kR2NuSUZGLzJHcWoxaTViUFV4RkEzMDcKOUhHOExjUXlpVERPOHNDbEZ1WUFXY0JzMW9HTnc3YTBlVjErV0VrWlAreUo2Tmg2bXJ4b2lETW9NbjNaUVhYaAo0SVQzeDV6dkh2SVBaZi9tVytYZ1AxK1FYSGJ6OHFJeForQkgwNDJzdVh0V0tvSVFlNGQyMHRGQWR4OUxlbnZmClA5WTdCc29WakZUakVVYmRUNmdIeGhUNEljRG9wTURycWR3aldWb2c3ejREaUtLUFArYUxSYkpEMVFNeDdXa0oKYkllRGhOTTZ4VGlzam9RS1hkZUhkRjIrMmdIZHB4UU9oY003byt5ZUJJTEQvREpjM2dDOGNOa3M1d0tLc0NWaQpXWC9iWW5jMXZEbUZCenFGYjhqZlZHVmRZL1pScmpFMTFQdWxrVGpCQXhhWVVCdkM3ZUpleUE1V3BuMVZqU0FWCklNbE9weVZuQmRmVEU0S243K2NaczVpV0hiM3V4U20vTm5PN20ybnlYNHMrU1JBUTJ1cUJZZmdYVk9DTEFBYkEKSi83SzY1akJKUUMrQjRUdy9aWHBNSmJhSVNDMkpNTjVMZE9Yb25WT2tmdXNENnA5QktURUpsUnVDdDQwTVZiMwpjVDF4QmtLVFo2UkdHUDlwVjAyc1gxdVk5a1Zlb213ZEJrenR4aXVocC80MzcxMzMxOXFwN0Q1T2ZUeEg4S3owCmUvbC9OZ3RtRWVJbXUwZ1lNVnE1d0NVeAotLS0tLUVORCBDRVJUSUZJQ0FURS0tLS0tCg==",
                "client_key": "LS0tLS1CRUdJTiBSU0EgUFJJVkFURSBLRVktLS0tLQpNSUlKS0FJQkFBS0NBZ0VBcFBmR205RThaaE1vZEgrMDVMSHBYUUJ2RHBEVHIwOTlDbG12SEdSQWNxaUtFR05hCnFRNlMyLzZNOFFvSUpqVWpUZmp2MFFyV3dEdytFZHlOcjFpQ0xFQ3ZSN3QyRzl0S24yVFF0SWRTQkIyS0t6clEKTXdOQURCMjVUUWxPaFNVblBRRXZEZWZ4d0VlR1Z0TWN4Z1NhaXAweEtXTUI3QW8wK0srU2tiUEtaWEZkV0ZMawpSbHgwYTR0bFVvclFsd0JzM1ZsY21IT05LbTJaUjZHT0dXL2VoMzkyZ1RUVjVnSkRsUFpwM3JubS9sR2p5VW5NCm82Zmt1N3k0QTE3VXdFTStMamFpbWFwZ21pcFVIaXo0Smc0Nnk1RXJmeUpLcWUrSXk1djZGWFlwRm1NUForRjQKcFRkdlFXUWdibm1YUlc3aW5sNzR0M1JxTlJuRk9jTGdhdjlZcFZFU3FCWXJzeDh6c1ZHK3pZamRRcjZCRng3UQp6dWhhNWxENDFPOGtHa1ZaeW1mZHphN212NUprVVBTb1ZuRnBQcExPeUE5RHlwa0FKZ21oT29YWFd5UmFwZTRmCjA2L3VSS2E4YnMrSU5nMDVJcXFUUi9vT3h0eGRCTEpQWDBoY00xSlZjeDk3MEREWUxJRkN1ZUMvL2ovY2o3ZXUKSnRlb1VvRjVKa043anhDTVdrelI0T1RHNkR5Tkd2Zjc2OW5jOUZ1Uk01ZERmbGlidXZpZitTL3QxaDJGQTRPKwpkNC92S3FzNDZmYVc0SUROOU5lMG1pS2VyWnJHZGNzaTlOWWQvdHVXM1VOc08vZkxiNWEyNDRSbTFtL3FhNTU4CithUmxJMHp6aUszV0FVUVNHdmxXa1ZnSUhaT1V4UllldkJ3bUcxWWNyZXpMckJESmVGQ1orNFA0bExzQ0F3RUEKQVFLQ0FnQWlKZUFJMVJFSm1DR2hxK1hJQ1VQaktublNyQXdGbUJDc0dkQnpzaFRkSnlJZExsUFA5dUpUZzZldApKWVIyVkQyUW9GMFVDb2hWbHFMS2s3c0lkdXZMT1VDUE9yRENKMnlVL2d0dHN5MDVDTnhYQW4raWI2UE1Ya0xEClBZL3hZN1Z4blZNZUw4c05JRUVncSthaTNzVVd1Rjg2ei9IUDZIVDZuVzFibDdubnNjVyt5TG5VRHNOU2w3SkwKbWN4LzFXaXprUkhueE5PTjJzNEYwOTFVU3FIbnJtemJaaEo0NERNWkhNRGhoOTNXK3hOS1VXcDQzZ0l0RW0yTQoxUTU1RmZKRElyQVoydmpRTUw3azJDNHR3bmhOTnltbjBYTmZKZVJOTVdaZEZ1NStZZGNJaTlXcmJZUXNKd3ZICmtvZkxxWjVqWmdsYUFGRVQyTmZJa3h4ZFNhb1JpVlp1Slo0bjdQTjloVGJ0a2V6R3daeWMrV1pZbWlQaHFMQjUKTHlPVDdWZ282Yk5vWGp2U05wK3VwcDlPekZWR1grMnBhS1ljOXFZRWp6Mm5KT010OXJ1UEI5YXBEemxDLzgrMQpBNlZZWWZodHpsbzZxcTM5Mm5SZWNDUW1haHFsdkFiNW01R0dLNGdTekxWdkw2V25UaWp0eEZhUGtIVnkrcHhSCnNZMkpvVzNrK3hoRTBZeXU4Mndqd3JWUExLRGJ1bTVLck1xL1huaGtFS3ZXS0JSMUh4NGorM1puTDNKY2syM0wKN1hWRGJzdFQzZ0RVSys1emNsWWVVc3RwbGVHYmZWL3RjOGs2R2xNRlFUcm81Q3ZiNzJTai95UkJoajJ4cUJ2dQpUV0RBME0xM0xXNVVqZjdPaDJUUnJrakQwNUM1UEdyeGE5N3Y4WXFDWm4vYXhuOS9nUUtDQVFFQTBGMEpIWlp5CjllOElVcHJJMW9NSTlkTkRUaG9peXZKbkxBOUxoMWwwTU93MUV3ajNobFdMOHphMmdJczZ2dU9xOXBpZlFEV00KYkI1NzIyaW5ZTzdzb2ZpSGFmZVFUelNDZUhlM2IwUkI3c1Q5NG9qQm9YeHdXU3VvUTd5TmVWSThhT2pPZzVKaApUVUNHc0xxVmk2SVFjQXZNc0phODN6Ri9HVDFhMTl1MlNEWHVtVkFKRE5xZGxqVG9lVXVUbGwzbW9YazYxNmxMCmJSMUtDNmlDajdOMUxYbVNMa0tPYWNZYW1WMzlXRUlWTEUzamN2a29iZFpJU0pGQS9BaHlkemcwSnlTUHdlcFEKdE1MeUZwckNUdFpPQm1XSUpSQnpDajVoZGlPMW5VYWZpUXJDc1V2UlJUbDU1dTBMTmNHWjRMYXZHWmJEM3FjSwp3ZFoyK09yekRwd3NvUUtDQVFFQXlxN3BxUTVmRnBqajNDVmN1emNUV3hjQWJPWjltN2cxMXUrZGtSRDZoeFczCmFoeUxQNStsN3FBekwvUVlIbUtuQmpuNzJsbHVXMUthSGQvOUNWQVhYYlVubjVBNVRaV3NhK01HcFN5cXBqdGkKZ3ZsQitxaVlab3I2NWdPVWxsNTRkeUZId1VFbUxkemxudHdVcitncXpqQXNhbUlIMHRyR2t1NnU0K3U0OHNTVQpoTXdvV1d4V3Vad2NCZElXZTBjSjVBWWpDVDhwNEhDeGNZUXZmQ0s2MklJTEQrdFpVY0toMUw2ckNiaUhLd0lUCkdyN3phTGpicWRCWlNhZW5yQ3RtR3dBN2k5K2lEVTVSM2RzLy9GOUhQek02U0o2WW1HNFhJMjlHTUdUWDhlL28KWmlHVmlHSThjcWl2NUZGNE0yeDJ2cWJ3NktpNmdyalBJSjA3bDJZSDJ3S0NBUUVBdlp5Y2FmOTZXRkdRMmxNZgpCdzZ4ZmJzbUdaSHhMWXhQMVNtS0N2NmRuTk9uTE01UktqNzVIM2dmdG5SOUhpOWlhZ3ZUaUFQeTZJVUpJMDVtCld2Q3lDR2Q1R3paOWJZYVVZSHBaUkhqeUl3M0RHSDVvN3NLbUhvOTdEVUV0NFVTejBxaGhIaHg4VFdlMTZtZXgKSlNOekgvT3M3dG9Od0hKemZnMTJlTTdwWDJjczNQbVhjc29TOUJqcm9VM2tYY2JQMVF2VVAyTkJUMmVDOVg4QQphVExmSkdYb1lBNlRPTEJkamttWS9kTU5INGMxdjIvN21aQ1JzTy8yR2lTNXZjSTR1NUlxL0VWMThqa2hRdTdNCmVoL05XMGJVRVI2YUFhMW8xYkNEV2o5bGVMbUJHUVNzeVBrWDlNeXNFZHcvWXQzOEZDWTkwb1ZpWmFqOEZXTUIKa3I4T1lRS0NBUUE1SHc2UExKT3o1S2JqRmt5S0hyMS93SDNJTXpWWE81VkEzQXNHSlVqVjVWTHB2dDJuc3JDcgpEYzhmUnFXOWVvUWtCeGRwdENhYjZpMnhHYjFRY0pnRk90Yk42M0dhNGdIVDdnbWpaM0U0cENmaFRhcEFvRjlECkZ3d2E0d3R2VFhTWjduRXdqOUhZdnhhZnJOclBzSmpQdjFmbEszZVUvejlUalowUWN4Q09xc1JJb05rR1NyZ3UKVzBheWhVRDh3VXFTVHdCMHpLNWFxS2Y1bkExZDZOUEx6T3FkTS9EYVVBWVgxUnlUQXNSbFpKSkp5V01FTW9VRgoyTWd4TCtUYmF1ZTkyRlR2MkxqdEV4T1RlUVVSZFRDNUtSRFdBb3h5K1NQZ1FxMy9XWXhhalFoc01DN2FYd1UyCk0wQlBFbjdUejArdjc1Q1pvV1BmRDRLZ2FHK3cvWHBkQW9JQkFDbGZaMEJNbVRYNHJrUW5GUFlVTzNrRm8zQnYKZUZxKzNTNkl2R3c2RTBRNFVaSldkY2RiNWd5YUFBVlNONEpwUkpITDdhMFlwanMwMCtKTWJ3cXhBYnpycUdmQwoxcE5UeDd4c0tJUllaUm5WeDE4ZU9lcjMxM0FvcGpLREp0M0E1VnVWbUJGTEFtcTZVUURMVnAwSUFicnZqK3hKCnNBQUZpSkx2L1BrVGdmRERqa2djbzdTY29SOS9iay8wS2t0SVdvMmY0SUM5aHFySWE3c2FJMVJqVlRWYmc2Y2UKWE9kZkZNNC9pYnhmRVBOWGt1eFFIUTF1YUU1Uk1pSmxaRFhYK0dJdXkwa08rK0F6RGNxNlBXRCtlVUd3UUF0RApkWGYxeERQa2xsZHovczl6MUgyaDJXY0NhN3VCdnZxQU50NXE5UDhkT1gwdllmb3AvVFdlNUxmUXgyST0KLS0tLS1FTkQgUlNBIFBSSVZBVEUgS0VZLS0tLS0K",
                "cluster_ca_certificate": "LS0tLS1CRUdJTiBDRVJUSUZJQ0FURS0tLS0tCk1JSUU2RENDQXRDZ0F3SUJBZ0lRREdqL1ZuU3JJbXlBMEN1UjZUVDk1REFOQmdrcWhraUc5dzBCQVFzRkFEQU4KTVFzd0NRWURWUVFERXdKallUQWdGdzB5TlRBM01qSXhOVFF3TURkYUdBOHlNRFUxTURjeU1qRTFOVEF3TjFvdwpEVEVMTUFrR0ExVUVBeE1DWTJFd2dnSWlNQTBHQ1NxR1NJYjNEUUVCQVFVQUE0SUNEd0F3Z2dJS0FvSUNBUUM5CktNNlFwUXNJMEIzMjV4V3RGRHRVK0p0Y2F2bG5jbi9zdjgzYWVnMlRmQTR3T25TQ2RjVTBLK2NoTHdNU1ZEOHIKaXdCcm9vbjVoZnVKa1oremh1b04rbFFUMXRqN0RrVzY3Z041MjZzQjZuWmMwMU1oQU5qUmxxaG42elEzYXFMWgpIYlVFV09HVTFYUW1tWUVlaCtBVG5NaURieGRPVXhySW1yWksyQlJ1ckZ1RHRIeWpiYklUS0E3NStkbkhydEVTCkJGeXowNXZDMDJMTlhMU0dQZ2dmSTFPbFNWZzFRNG9SbkJLL25BSS9OVWJlMzFyRURyUVdrdVBDbjV3empCZTEKNjVqa3hDcTJYN3JTdjRZbjlOK28xdEI5VTVZWFRMQlk2eGFHdFJ4UEZTQnpZY3A1cFc3M0tmdnNkWTJhSG1GaQpBUlI0YXc2TXpycTZKRUV1clJCVURlNlVTY1hxZ3ZFVG9pTE03MWdDNVBSTElZNmFsUWhpTUZIR2xlTXlPSlAyCkNCNXdRNzJBanZkdEQrbU9ETWp4VnZHV3FuS1FMbE1OQTg2bGI5M1dRTWlnSm53S3ZCMUt0a0Y5a1pYR3NYRS8Kc3YwcGN2THJWMHpMRllBTDZ6QXdwZmZVMFdjNU53Qm5VLzZMV1AzcUZMWURZd2ExNU5Ec0JpZEt5cFNXS3lMQQpvRHRkVDRYRGtpaElWdW0vckVKVXQ2Sk5PMVo1SmxDMWIzTlo0S0JoNW4zS3Vhd0FNNnE3UXFFNDRUd2RqWk1lCnFEdEYySUk2bjVyNHNUNWZYenFrVCtFcE1KTmVtemxUeGcyUWt4My9RV3E2UUN5Y25HN1hhalJlUWJUcnhWZFIKZVlWL1haSnRQVVlFdmh0d2pIa3dUbjI2WVgvVkVDNnIydTU5NkVLN1J3SURBUUFCbzBJd1FEQU9CZ05WSFE4QgpBZjhFQkFNQ0FxUXdEd1lEVlIwVEFRSC9CQVV3QXdFQi96QWRCZ05WSFE0RUZnUVV4ODFtekhwQXZ5aldrTlJ3CmJ2QVB1Mm04WmRVd0RRWUpLb1pJaHZjTkFRRUxCUUFEZ2dJQkFHMjg3SmZKcjhSSThDZENtNEc1R0tLTGxRaEEKVTJDRkJTS3YwMkdoUWh5cTk0VkdjWXk2RUhCcXdLZzVTT042NTNWUGRJZWFKTGxMaGFyN0lIb0FwbHY2bmY4VgpTY0U3TjNVRW55c2M4aENzYzB0WmtkOFZUUmNmTWYwbWVxRU8yRm1Demg0TkV3TGs3eU1mL2JkOGRkaXAyQmd3CjdHMnc2SmxhTUJCQjJTczhlUDNDNGIvdm1lVlNVcER0azJpV1IrZzlNbXJCUmluKzJHMGV5Z05sbjlaK3RFcEEKRFRpY0pQS2VvSmpJdSs3dkoxYlFJc1VHTnIvdEtSaEJ5VmRRQ0h1cFFyVmxlb0pLdGNjWnVtaEtXemh5cXNzMQpocnU1T2V1NUR1SGtvYy95T0V2NFJHSnd4MXhaTnFCeGM5bGZuUGFCVzBidFA5K0NoVXVEaFdLQWRwaXVQQWJ5CmxUY2xSM2ovay9jZDczbjkyMTBaY3RDS3YrMy9aSVRhZ0RjWDZFOVc5NXFybTV6Qk1lY3p0SVZCYVVQMXZtalQKUllhMFc2UmQzenM4QnFGUCtKZHN6UkgxR2dxMUVJTVA0QzZQRWloVitDWHFBak9MaGNPTXp1NEEzVitQYzBWdQplM3dYc3hpamNxQzZOaDJCTEJoYXgzZ0dOUnQ0d1F2VXd6azA5TWJRMUdMMEt2eE1BYlpZVHg1OU5McXprTUE5CmpPUmUzZ0ZmcnppcExERk9kZU1FL2dhc1ZlQ1hPb2M0Q2Jabmc1K2YxNTNuTWtJUkFESW1xSW95OVBiMnZDYVoKUjk1bDdhUE8xalY1UW8ySjdhd1lXVEMwWExTWFNtN2R5T3FxaUtPOHNUNzZoaGVXeDd2cE9jcW9mRkRSMEJxNwo0ajhWT0FldEpIMzZKVlNiCi0tLS0tRU5EIENFUlRJRklDQVRFLS0tLS0K",
                "host": "https://multi-cloud-ecommerce-aks-vs0bkrld.hcp.northeurope.azmk8s.io:443",
                "password": "z3l21azo09e2pvp8596n8rflz5mbzr8i71jd80sbe8m20fydnqxiz44a5xgj035u6hgn06wr1mr56jmiemwpylfm0yc7tl14yt9idj8vihveyams6afctzne045ttuff",
                "username": "clusterUser_multi-cloud-ecommerce-rg_multi-cloud-ecommerce-aks"
              }
            ],
            "kube_config_raw": "apiVersion: v1\nclusters:\n- cluster:\n    certificate-authority-data: LS0tLS1CRUdJTiBDRVJUSUZJQ0FURS0tLS0tCk1JSUU2RENDQXRDZ0F3SUJBZ0lRREdqL1ZuU3JJbXlBMEN1UjZUVDk1REFOQmdrcWhraUc5dzBCQVFzRkFEQU4KTVFzd0NRWURWUVFERXdKallUQWdGdzB5TlRBM01qSXhOVFF3TURkYUdBOHlNRFUxTURjeU1qRTFOVEF3TjFvdwpEVEVMTUFrR0ExVUVBeE1DWTJFd2dnSWlNQTBHQ1NxR1NJYjNEUUVCQVFVQUE0SUNEd0F3Z2dJS0FvSUNBUUM5CktNNlFwUXNJMEIzMjV4V3RGRHRVK0p0Y2F2bG5jbi9zdjgzYWVnMlRmQTR3T25TQ2RjVTBLK2NoTHdNU1ZEOHIKaXdCcm9vbjVoZnVKa1oremh1b04rbFFUMXRqN0RrVzY3Z041MjZzQjZuWmMwMU1oQU5qUmxxaG42elEzYXFMWgpIYlVFV09HVTFYUW1tWUVlaCtBVG5NaURieGRPVXhySW1yWksyQlJ1ckZ1RHRIeWpiYklUS0E3NStkbkhydEVTCkJGeXowNXZDMDJMTlhMU0dQZ2dmSTFPbFNWZzFRNG9SbkJLL25BSS9OVWJlMzFyRURyUVdrdVBDbjV3empCZTEKNjVqa3hDcTJYN3JTdjRZbjlOK28xdEI5VTVZWFRMQlk2eGFHdFJ4UEZTQnpZY3A1cFc3M0tmdnNkWTJhSG1GaQpBUlI0YXc2TXpycTZKRUV1clJCVURlNlVTY1hxZ3ZFVG9pTE03MWdDNVBSTElZNmFsUWhpTUZIR2xlTXlPSlAyCkNCNXdRNzJBanZkdEQrbU9ETWp4VnZHV3FuS1FMbE1OQTg2bGI5M1dRTWlnSm53S3ZCMUt0a0Y5a1pYR3NYRS8Kc3YwcGN2THJWMHpMRllBTDZ6QXdwZmZVMFdjNU53Qm5VLzZMV1AzcUZMWURZd2ExNU5Ec0JpZEt5cFNXS3lMQQpvRHRkVDRYRGtpaElWdW0vckVKVXQ2Sk5PMVo1SmxDMWIzTlo0S0JoNW4zS3Vhd0FNNnE3UXFFNDRUd2RqWk1lCnFEdEYySUk2bjVyNHNUNWZYenFrVCtFcE1KTmVtemxUeGcyUWt4My9RV3E2UUN5Y25HN1hhalJlUWJUcnhWZFIKZVlWL1haSnRQVVlFdmh0d2pIa3dUbjI2WVgvVkVDNnIydTU5NkVLN1J3SURBUUFCbzBJd1FEQU9CZ05WSFE4QgpBZjhFQkFNQ0FxUXdEd1lEVlIwVEFRSC9CQVV3QXdFQi96QWRCZ05WSFE0RUZnUVV4ODFtekhwQXZ5aldrTlJ3CmJ2QVB1Mm04WmRVd0RRWUpLb1pJaHZjTkFRRUxCUUFEZ2dJQkFHMjg3SmZKcjhSSThDZENtNEc1R0tLTGxRaEEKVTJDRkJTS3YwMkdoUWh5cTk0VkdjWXk2RUhCcXdLZzVTT042NTNWUGRJZWFKTGxMaGFyN0lIb0FwbHY2bmY4VgpTY0U3TjNVRW55c2M4aENzYzB0WmtkOFZUUmNmTWYwbWVxRU8yRm1Demg0TkV3TGs3eU1mL2JkOGRkaXAyQmd3CjdHMnc2SmxhTUJCQjJTczhlUDNDNGIvdm1lVlNVcER0azJpV1IrZzlNbXJCUmluKzJHMGV5Z05sbjlaK3RFcEEKRFRpY0pQS2VvSmpJdSs3dkoxYlFJc1VHTnIvdEtSaEJ5VmRRQ0h1cFFyVmxlb0pLdGNjWnVtaEtXemh5cXNzMQpocnU1T2V1NUR1SGtvYy95T0V2NFJHSnd4MXhaTnFCeGM5bGZuUGFCVzBidFA5K0NoVXVEaFdLQWRwaXVQQWJ5CmxUY2xSM2ovay9jZDczbjkyMTBaY3RDS3YrMy9aSVRhZ0RjWDZFOVc5NXFybTV6Qk1lY3p0SVZCYVVQMXZtalQKUllhMFc2UmQzenM4QnFGUCtKZHN6UkgxR2dxMUVJTVA0QzZQRWloVitDWHFBak9MaGNPTXp1NEEzVitQYzBWdQplM3dYc3hpamNxQzZOaDJCTEJoYXgzZ0dOUnQ0d1F2VXd6azA5TWJRMUdMMEt2eE1BYlpZVHg1OU5McXprTUE5CmpPUmUzZ0ZmcnppcExERk9kZU1FL2dhc1ZlQ1hPb2M0Q2Jabmc1K2YxNTNuTWtJUkFESW1xSW95OVBiMnZDYVoKUjk1bDdhUE8xalY1UW8ySjdhd1lXVEMwWExTWFNtN2R5T3FxaUtPOHNUNzZoaGVXeDd2cE9jcW9mRkRSMEJxNwo0ajhWT0FldEpIMzZKVlNiCi0tLS0tRU5EIENFUlRJRklDQVRFLS0tLS0K\n    server: https://multi-cloud-ecommerce-aks-vs0bkrld.hcp.northeurope.azmk8s.io:443\n  name: multi-cloud-ecommerce-aks\ncontexts:\n- context:\n    cluster: multi-cloud-ecommerce-aks\n    user: clusterUser_multi-cloud-ecommerce-rg_multi-cloud-ecommerce-aks\n  name: multi-cloud-ecommerce-aks\ncurrent-context: multi-cloud-ecommerce-aks\nkind: Config\npreferences: {}\nusers:\n- name: clusterUser_multi-cloud-ecommerce-rg_multi-cloud-ecommerce-aks\n  user:\n    client-certificate-data: LS0tLS1CRUdJTiBDRVJUSUZJQ0FURS0tLS0tCk1JSUZIakNDQXdhZ0F3SUJBZ0lSQUtwRXlILzJyVHE1YWpwUmZMcDREZmd3RFFZSktvWklodmNOQVFFTEJRQXcKRFRFTE1Ba0dBMVVFQXhNQ1kyRXdIaGNOTWpVd056SXlNVFUwTURBM1doY05NamN3TnpJeU1UVTFNREEzV2pBdwpNUmN3RlFZRFZRUUtFdzV6ZVhOMFpXMDZiV0Z6ZEdWeWN6RVZNQk1HQTFVRUF4TU1iV0Z6ZEdWeVkyeHBaVzUwCk1JSUNJakFOQmdrcWhraUc5dzBCQVFFRkFBT0NBZzhBTUlJQ0NnS0NBZ0VBcFBmR205RThaaE1vZEgrMDVMSHAKWFFCdkRwRFRyMDk5Q2xtdkhHUkFjcWlLRUdOYXFRNlMyLzZNOFFvSUpqVWpUZmp2MFFyV3dEdytFZHlOcjFpQwpMRUN2Ujd0Mkc5dEtuMlRRdElkU0JCMktLenJRTXdOQURCMjVUUWxPaFNVblBRRXZEZWZ4d0VlR1Z0TWN4Z1NhCmlwMHhLV01CN0FvMCtLK1NrYlBLWlhGZFdGTGtSbHgwYTR0bFVvclFsd0JzM1ZsY21IT05LbTJaUjZHT0dXL2UKaDM5MmdUVFY1Z0pEbFBacDNybm0vbEdqeVVuTW82Zmt1N3k0QTE3VXdFTStMamFpbWFwZ21pcFVIaXo0Smc0Ngp5NUVyZnlKS3FlK0l5NXY2RlhZcEZtTVBaK0Y0cFRkdlFXUWdibm1YUlc3aW5sNzR0M1JxTlJuRk9jTGdhdjlZCnBWRVNxQllyc3g4enNWRyt6WWpkUXI2QkZ4N1F6dWhhNWxENDFPOGtHa1ZaeW1mZHphN212NUprVVBTb1ZuRnAKUHBMT3lBOUR5cGtBSmdtaE9vWFhXeVJhcGU0ZjA2L3VSS2E4YnMrSU5nMDVJcXFUUi9vT3h0eGRCTEpQWDBoYwpNMUpWY3g5NzBERFlMSUZDdWVDLy9qL2NqN2V1SnRlb1VvRjVKa043anhDTVdrelI0T1RHNkR5Tkd2Zjc2OW5jCjlGdVJNNWREZmxpYnV2aWYrUy90MWgyRkE0TytkNC92S3FzNDZmYVc0SUROOU5lMG1pS2VyWnJHZGNzaTlOWWQKL3R1VzNVTnNPL2ZMYjVhMjQ0Um0xbS9xYTU1OCthUmxJMHp6aUszV0FVUVNHdmxXa1ZnSUhaT1V4UllldkJ3bQpHMVljcmV6THJCREplRkNaKzRQNGxMc0NBd0VBQWFOV01GUXdEZ1lEVlIwUEFRSC9CQVFEQWdXZ01CTUdBMVVkCkpRUU1NQW9HQ0NzR0FRVUZCd01DTUF3R0ExVWRFd0VCL3dRQ01BQXdId1lEVlIwakJCZ3dGb0FVeDgxbXpIcEEKdnlqV2tOUndidkFQdTJtOFpkVXdEUVlKS29aSWh2Y05BUUVMQlFBRGdnSUJBTEFTWHFZQzJzRlAzNEFGU0ZJVwpEOHhFbDB2RW9BanBKOGIxMGFENkhpZXYrdHFuY2FuZ1JLSno0ckQyRlB0aHVlUVpNWFZIRE5FbWNZbFh5Um4wCkZ0V1VzOVhEdVJJd0I2LzEzMDFwUlZOSlNrRFM5TWRDUlB4dVl1OW1kR2NuSUZGLzJHcWoxaTViUFV4RkEzMDcKOUhHOExjUXlpVERPOHNDbEZ1WUFXY0JzMW9HTnc3YTBlVjErV0VrWlAreUo2Tmg2bXJ4b2lETW9NbjNaUVhYaAo0SVQzeDV6dkh2SVBaZi9tVytYZ1AxK1FYSGJ6OHFJeForQkgwNDJzdVh0V0tvSVFlNGQyMHRGQWR4OUxlbnZmClA5WTdCc29WakZUakVVYmRUNmdIeGhUNEljRG9wTURycWR3aldWb2c3ejREaUtLUFArYUxSYkpEMVFNeDdXa0oKYkllRGhOTTZ4VGlzam9RS1hkZUhkRjIrMmdIZHB4UU9oY003byt5ZUJJTEQvREpjM2dDOGNOa3M1d0tLc0NWaQpXWC9iWW5jMXZEbUZCenFGYjhqZlZHVmRZL1pScmpFMTFQdWxrVGpCQXhhWVVCdkM3ZUpleUE1V3BuMVZqU0FWCklNbE9weVZuQmRmVEU0S243K2NaczVpV0hiM3V4U20vTm5PN20ybnlYNHMrU1JBUTJ1cUJZZmdYVk9DTEFBYkEKSi83SzY1akJKUUMrQjRUdy9aWHBNSmJhSVNDMkpNTjVMZE9Yb25WT2tmdXNENnA5QktURUpsUnVDdDQwTVZiMwpjVDF4QmtLVFo2UkdHUDlwVjAyc1gxdVk5a1Zlb213ZEJrenR4aXVocC80MzcxMzMxOXFwN0Q1T2ZUeEg4S3owCmUvbC9OZ3RtRWVJbXUwZ1lNVnE1d0NVeAotLS0tLUVORCBDRVJUSUZJQ0FURS0tLS0tCg==\n    client-key-data: LS0tLS1CRUdJTiBSU0EgUFJJVkFURSBLRVktLS0tLQpNSUlKS0FJQkFBS0NBZ0VBcFBmR205RThaaE1vZEgrMDVMSHBYUUJ2RHBEVHIwOTlDbG12SEdSQWNxaUtFR05hCnFRNlMyLzZNOFFvSUpqVWpUZmp2MFFyV3dEdytFZHlOcjFpQ0xFQ3ZSN3QyRzl0S24yVFF0SWRTQkIyS0t6clEKTXdOQURCMjVUUWxPaFNVblBRRXZEZWZ4d0VlR1Z0TWN4Z1NhaXAweEtXTUI3QW8wK0srU2tiUEtaWEZkV0ZMawpSbHgwYTR0bFVvclFsd0JzM1ZsY21IT05LbTJaUjZHT0dXL2VoMzkyZ1RUVjVnSkRsUFpwM3JubS9sR2p5VW5NCm82Zmt1N3k0QTE3VXdFTStMamFpbWFwZ21pcFVIaXo0Smc0Nnk1RXJmeUpLcWUrSXk1djZGWFlwRm1NUForRjQKcFRkdlFXUWdibm1YUlc3aW5sNzR0M1JxTlJuRk9jTGdhdjlZcFZFU3FCWXJzeDh6c1ZHK3pZamRRcjZCRng3UQp6dWhhNWxENDFPOGtHa1ZaeW1mZHphN212NUprVVBTb1ZuRnBQcExPeUE5RHlwa0FKZ21oT29YWFd5UmFwZTRmCjA2L3VSS2E4YnMrSU5nMDVJcXFUUi9vT3h0eGRCTEpQWDBoY00xSlZjeDk3MEREWUxJRkN1ZUMvL2ovY2o3ZXUKSnRlb1VvRjVKa043anhDTVdrelI0T1RHNkR5Tkd2Zjc2OW5jOUZ1Uk01ZERmbGlidXZpZitTL3QxaDJGQTRPKwpkNC92S3FzNDZmYVc0SUROOU5lMG1pS2VyWnJHZGNzaTlOWWQvdHVXM1VOc08vZkxiNWEyNDRSbTFtL3FhNTU4CithUmxJMHp6aUszV0FVUVNHdmxXa1ZnSUhaT1V4UllldkJ3bUcxWWNyZXpMckJESmVGQ1orNFA0bExzQ0F3RUEKQVFLQ0FnQWlKZUFJMVJFSm1DR2hxK1hJQ1VQaktublNyQXdGbUJDc0dkQnpzaFRkSnlJZExsUFA5dUpUZzZldApKWVIyVkQyUW9GMFVDb2hWbHFMS2s3c0lkdXZMT1VDUE9yRENKMnlVL2d0dHN5MDVDTnhYQW4raWI2UE1Ya0xEClBZL3hZN1Z4blZNZUw4c05JRUVncSthaTNzVVd1Rjg2ei9IUDZIVDZuVzFibDdubnNjVyt5TG5VRHNOU2w3SkwKbWN4LzFXaXprUkhueE5PTjJzNEYwOTFVU3FIbnJtemJaaEo0NERNWkhNRGhoOTNXK3hOS1VXcDQzZ0l0RW0yTQoxUTU1RmZKRElyQVoydmpRTUw3azJDNHR3bmhOTnltbjBYTmZKZVJOTVdaZEZ1NStZZGNJaTlXcmJZUXNKd3ZICmtvZkxxWjVqWmdsYUFGRVQyTmZJa3h4ZFNhb1JpVlp1Slo0bjdQTjloVGJ0a2V6R3daeWMrV1pZbWlQaHFMQjUKTHlPVDdWZ282Yk5vWGp2U05wK3VwcDlPekZWR1grMnBhS1ljOXFZRWp6Mm5KT010OXJ1UEI5YXBEemxDLzgrMQpBNlZZWWZodHpsbzZxcTM5Mm5SZWNDUW1haHFsdkFiNW01R0dLNGdTekxWdkw2V25UaWp0eEZhUGtIVnkrcHhSCnNZMkpvVzNrK3hoRTBZeXU4Mndqd3JWUExLRGJ1bTVLck1xL1huaGtFS3ZXS0JSMUh4NGorM1puTDNKY2syM0wKN1hWRGJzdFQzZ0RVSys1emNsWWVVc3RwbGVHYmZWL3RjOGs2R2xNRlFUcm81Q3ZiNzJTai95UkJoajJ4cUJ2dQpUV0RBME0xM0xXNVVqZjdPaDJUUnJrakQwNUM1UEdyeGE5N3Y4WXFDWm4vYXhuOS9nUUtDQVFFQTBGMEpIWlp5CjllOElVcHJJMW9NSTlkTkRUaG9peXZKbkxBOUxoMWwwTU93MUV3ajNobFdMOHphMmdJczZ2dU9xOXBpZlFEV00KYkI1NzIyaW5ZTzdzb2ZpSGFmZVFUelNDZUhlM2IwUkI3c1Q5NG9qQm9YeHdXU3VvUTd5TmVWSThhT2pPZzVKaApUVUNHc0xxVmk2SVFjQXZNc0phODN6Ri9HVDFhMTl1MlNEWHVtVkFKRE5xZGxqVG9lVXVUbGwzbW9YazYxNmxMCmJSMUtDNmlDajdOMUxYbVNMa0tPYWNZYW1WMzlXRUlWTEUzamN2a29iZFpJU0pGQS9BaHlkemcwSnlTUHdlcFEKdE1MeUZwckNUdFpPQm1XSUpSQnpDajVoZGlPMW5VYWZpUXJDc1V2UlJUbDU1dTBMTmNHWjRMYXZHWmJEM3FjSwp3ZFoyK09yekRwd3NvUUtDQVFFQXlxN3BxUTVmRnBqajNDVmN1emNUV3hjQWJPWjltN2cxMXUrZGtSRDZoeFczCmFoeUxQNStsN3FBekwvUVlIbUtuQmpuNzJsbHVXMUthSGQvOUNWQVhYYlVubjVBNVRaV3NhK01HcFN5cXBqdGkKZ3ZsQitxaVlab3I2NWdPVWxsNTRkeUZId1VFbUxkemxudHdVcitncXpqQXNhbUlIMHRyR2t1NnU0K3U0OHNTVQpoTXdvV1d4V3Vad2NCZElXZTBjSjVBWWpDVDhwNEhDeGNZUXZmQ0s2MklJTEQrdFpVY0toMUw2ckNiaUhLd0lUCkdyN3phTGpicWRCWlNhZW5yQ3RtR3dBN2k5K2lEVTVSM2RzLy9GOUhQek02U0o2WW1HNFhJMjlHTUdUWDhlL28KWmlHVmlHSThjcWl2NUZGNE0yeDJ2cWJ3NktpNmdyalBJSjA3bDJZSDJ3S0NBUUVBdlp5Y2FmOTZXRkdRMmxNZgpCdzZ4ZmJzbUdaSHhMWXhQMVNtS0N2NmRuTk9uTE01UktqNzVIM2dmdG5SOUhpOWlhZ3ZUaUFQeTZJVUpJMDVtCld2Q3lDR2Q1R3paOWJZYVVZSHBaUkhqeUl3M0RHSDVvN3NLbUhvOTdEVUV0NFVTejBxaGhIaHg4VFdlMTZtZXgKSlNOekgvT3M3dG9Od0hKemZnMTJlTTdwWDJjczNQbVhjc29TOUJqcm9VM2tYY2JQMVF2VVAyTkJUMmVDOVg4QQphVExmSkdYb1lBNlRPTEJkamttWS9kTU5INGMxdjIvN21aQ1JzTy8yR2lTNXZjSTR1NUlxL0VWMThqa2hRdTdNCmVoL05XMGJVRVI2YUFhMW8xYkNEV2o5bGVMbUJHUVNzeVBrWDlNeXNFZHcvWXQzOEZDWTkwb1ZpWmFqOEZXTUIKa3I4T1lRS0NBUUE1SHc2UExKT3o1S2JqRmt5S0hyMS93SDNJTXpWWE81VkEzQXNHSlVqVjVWTHB2dDJuc3JDcgpEYzhmUnFXOWVvUWtCeGRwdENhYjZpMnhHYjFRY0pnRk90Yk42M0dhNGdIVDdnbWpaM0U0cENmaFRhcEFvRjlECkZ3d2E0d3R2VFhTWjduRXdqOUhZdnhhZnJOclBzSmpQdjFmbEszZVUvejlUalowUWN4Q09xc1JJb05rR1NyZ3UKVzBheWhVRDh3VXFTVHdCMHpLNWFxS2Y1bkExZDZOUEx6T3FkTS9EYVVBWVgxUnlUQXNSbFpKSkp5V01FTW9VRgoyTWd4TCtUYmF1ZTkyRlR2MkxqdEV4T1RlUVVSZFRDNUtSRFdBb3h5K1NQZ1FxMy9XWXhhalFoc01DN2FYd1UyCk0wQlBFbjdUejArdjc1Q1pvV1BmRDRLZ2FHK3cvWHBkQW9JQkFDbGZaMEJNbVRYNHJrUW5GUFlVTzNrRm8zQnYKZUZxKzNTNkl2R3c2RTBRNFVaSldkY2RiNWd5YUFBVlNONEpwUkpITDdhMFlwanMwMCtKTWJ3cXhBYnpycUdmQwoxcE5UeDd4c0tJUllaUm5WeDE4ZU9lcjMxM0FvcGpLREp0M0E1VnVWbUJGTEFtcTZVUURMVnAwSUFicnZqK3hKCnNBQUZpSkx2L1BrVGdmRERqa2djbzdTY29SOS9iay8wS2t0SVdvMmY0SUM5aHFySWE3c2FJMVJqVlRWYmc2Y2UKWE9kZkZNNC9pYnhmRVBOWGt1eFFIUTF1YUU1Uk1pSmxaRFhYK0dJdXkwa08rK0F6RGNxNlBXRCtlVUd3UUF0RApkWGYxeERQa2xsZHovczl6MUgyaDJXY0NhN3VCdnZxQU50NXE5UDhkT1gwdllmb3AvVFdlNUxmUXgyST0KLS0tLS1FTkQgUlNBIFBSSVZBVEUgS0VZLS0tLS0K\n    token: z3l21azo09e2pvp8596n8rflz5mbzr8i71jd80sbe8m20fydnqxiz44a5xgj035u6hgn06wr1mr56jmiemwpylfm0yc7tl14yt9idj8vihveyams6afctzne045ttuff\n",
            "kubelet_identity": [
              {
                "client_id": "244f082b-361a-4357-b862-2dbb11a41f43",
                "object_id": "7621d90f-27bd-4cbc-9a04-e04e9939ecd7",
                "user_assigned_identity_id": "/subscriptions/7b0cdfdd-5d01-48c7-a2a3-ea8579421ab9/resourceGroups/MC_multi-cloud-ecommerce-rg_multi-cloud-ecommerce-aks_northeurope/providers/Microsoft.ManagedIdentity/userAssignedIdentities/multi-cloud-ecommerce-aks-agentpool"
              }
            ],
            "kubernetes_version": "1.30.12",
            "linux_profile": [],
            "local_account_disabled": false,
            "location": "northeurope",
            "maintenance_window": [],
            "maintenance_window_auto_upgrade": [],
            "maintenance_window_node_os": [],
            "microsoft_defender": [],
            "monitor_metrics": [],
            "name": "multi-cloud-ecommerce-aks",
            "network_profile": [
              {
                "dns_service_ip": "10.2.0.10",
                "docker_bridge_cidr": "",
                "ebpf_data_plane": "",
                "ip_versions": [
                  "IPv4"
                ],
                "load_balancer_profile": [
                  {
                    "effective_outbound_ips": [
                      "/subscriptions/7b0cdfdd-5d01-48c7-a2a3-ea8579421ab9/resourceGroups/MC_multi-cloud-ecommerce-rg_multi-cloud-ecommerce-aks_northeurope/providers/Microsoft.Network/publicIPAddresses/10d761a5-c773-4c8c-87a1-fe171509ad1b"
                    ],
                    "idle_timeout_in_minutes": 0,
                    "managed_outbound_ip_count": 1,
                    "managed_outbound_ipv6_count": 0,
                    "outbound_ip_address_ids": [],
                    "outbound_ip_prefix_ids": [],
                    "outbound_ports_allocated": 0
                  }
                ],
                "load_balancer_sku": "standard",
                "nat_gateway_profile": [],
                "network_data_plane": "azure",
                "network_mode": "",
                "network_plugin": "azure",
                "network_plugin_mode": "",
                "network_policy": "azure",
                "outbound_ip_address_ids": [],
                "outbound_ip_prefix_ids": [],
                "outbound_type": "loadBalancer",
                "pod_cidr": "",
                "pod_cidrs": [],
                "service_cidr": "10.2.0.0/24",
                "service_cidrs": [
                  "10.2.0.0/24"
                ]
              }
            ],
            "node_os_channel_upgrade": null,
            "node_resource_group": "MC_multi-cloud-ecommerce-rg_multi-cloud-ecommerce-aks_northeurope",
            "node_resource_group_id": "/subscriptions/7b0cdfdd-5d01-48c7-a2a3-ea8579421ab9/resourceGroups/MC_multi-cloud-ecommerce-rg_multi-cloud-ecommerce-aks_northeurope",
            "oidc_issuer_enabled": false,
            "oidc_issuer_url": "",
            "oms_agent": [
              {
                "log_analytics_workspace_id": "/subscriptions/7b0cdfdd-5d01-48c7-a2a3-ea8579421ab9/resourceGroups/multi-cloud-ecommerce-rg/providers/Microsoft.OperationalInsights/workspaces/multi-cloud-ecommerce-logs",
                "msi_auth_for_monitoring_enabled": false,
                "oms_agent_identity": [
                  {
                    "client_id": "91199b45-4e0f-46af-b529-ff5a72c6ce82",
                    "object_id": "72543797-1329-4d6d-84a1-4a4aaa4c2a40",
                    "user_assigned_identity_id": "/subscriptions/7b0cdfdd-5d01-48c7-a2a3-ea8579421ab9/resourcegroups/MC_multi-cloud-ecommerce-rg_multi-cloud-ecommerce-aks_northeurope/providers/Microsoft.ManagedIdentity/userAssignedIdentities/omsagent-multi-cloud-ecommerce-aks"
                  }
                ]
              }
            ],
            "open_service_mesh_enabled": false,
            "portal_fqdn": "multi-cloud-ecommerce-aks-vs0bkrld.portal.hcp.northeurope.azmk8s.io",
            "private_cluster_enabled": false,
            "private_cluster_public_fqdn_enabled": false,
            "private_dns_zone_id": "",
            "private_fqdn": "",
            "public_network_access_enabled": true,
            "resource_group_name": "multi-cloud-ecommerce-rg",
            "role_based_access_control_enabled": true,
            "run_command_enabled": true,
            "service_mesh_profile": [],
            "service_principal": [],
            "sku_tier": "Free",
            "storage_profile": [],
            "support_plan": "KubernetesOfficial",
            "tags": {
              "Name": "multi-cloud-ecommerce-aks"
            },
            "timeouts": null,
            "web_app_routing": [],
            "windows_profile": [
              {
                "admin_password": "",
                "admin_username": "azureuser",
                "gmsa": [],
                "license": ""
              }
            ],
            "workload_autoscaler_profile": [],
            "workload_identity_enabled": false
          },
          "sensitive_attributes": [],
          "private": "eyJlMmJmYjczMC1lY2FhLTExZTYtOGY4OC0zNDM2M2JjN2M0YzAiOnsiY3JlYXRlIjo1NDAwMDAwMDAwMDAwLCJkZWxldGUiOjU0MDAwMDAwMDAwMDAsInJlYWQiOjMwMDAwMDAwMDAwMCwidXBkYXRlIjo1NDAwMDAwMDAwMDAwfSwic2NoZW1hX3ZlcnNpb24iOiIyIn0=",
          "dependencies": [
            "azurerm_log_analytics_workspace.main",
            "azurerm_resource_group.main",
            "azurerm_storage_account.main",
            "azurerm_subnet.main",
            "azurerm_subnet_network_security_group_association.main"
          ]
        }
      ]
    },
    {
      "mode": "managed",
      "type": "azurerm_log_analytics_workspace",
      "name": "main",
      "provider": "provider[\"registry.terraform.io/hashicorp/azurerm\"]",
      "instances": [
        {
          "schema_version": 3,
          "attributes": {
            "allow_resource_only_permissions": true,
            "cmk_for_query_forced": false,
            "daily_quota_gb": -1,
            "data_collection_rule_id": "",
            "id": "/subscriptions/7b0cdfdd-5d01-48c7-a2a3-ea8579421ab9/resourceGroups/multi-cloud-ecommerce-rg/providers/Microsoft.OperationalInsights/workspaces/multi-cloud-ecommerce-logs",
            "identity": [],
            "immediate_data_purge_on_30_days_enabled": false,
            "internet_ingestion_enabled": true,
            "internet_query_enabled": true,
            "local_authentication_disabled": false,
            "location": "northeurope",
            "name": "multi-cloud-ecommerce-logs",
            "primary_shared_key": "mUjNgv5gp4Zsz6NhG3RpddqXIO3DbaW6WXxsYspVeFFx4e9m98khJ0tmFqGqujBqYtXfSsuTkDKqOAVjjMlF4A==",
            "reservation_capacity_in_gb_per_day": null,
            "resource_group_name": "multi-cloud-ecommerce-rg",
            "retention_in_days": 30,
            "secondary_shared_key": "J5voGe1gN8qVjKbdc9XBIZ/3pcw2Vz5TRjMOxGiFmEE5C1r27aWM3s4J7bdq/zLp7fG6Le1x9nG1cwkmpPd3iA==",
            "sku": "PerGB2018",
            "tags": {
              "Name": "multi-cloud-ecommerce-log-analytics"
            },
            "timeouts": null,
            "workspace_id": "e3c71672-d49a-44d8-987e-f66989ecb717"
          },
          "sensitive_attributes": [],
          "private": "eyJlMmJmYjczMC1lY2FhLTExZTYtOGY4OC0zNDM2M2JjN2M0YzAiOnsiY3JlYXRlIjoxODAwMDAwMDAwMDAwLCJkZWxldGUiOjE4MDAwMDAwMDAwMDAsInJlYWQiOjMwMDAwMDAwMDAwMCwidXBkYXRlIjoxODAwMDAwMDAwMDAwfSwic2NoZW1hX3ZlcnNpb24iOiIzIn0=",
          "dependencies": [
            "azurerm_resource_group.main"
          ]
        }
      ]
    },
    {
      "mode": "managed",
      "type": "azurerm_network_security_group",
      "name": "main",
      "provider": "provider[\"registry.terraform.io/hashicorp/azurerm\"]",
      "instances": [
        {
          "schema_version": 0,
          "attributes": {
            "id": "/subscriptions/7b0cdfdd-5d01-48c7-a2a3-ea8579421ab9/resourceGroups/multi-cloud-ecommerce-rg/providers/Microsoft.Network/networkSecurityGroups/multi-cloud-ecommerce-nsg",
            "location": "northeurope",
            "name": "multi-cloud-ecommerce-nsg",
            "resource_group_name": "multi-cloud-ecommerce-rg",
            "security_rule": [
              {
                "access": "Allow",
                "description": "",
                "destination_address_prefix": "*",
                "destination_address_prefixes": [],
                "destination_application_security_group_ids": [],
                "destination_port_range": "22",
                "destination_port_ranges": [],
                "direction": "Inbound",
                "name": "SSH",
                "priority": 1003,
                "protocol": "Tcp",
                "source_address_prefix": "*",
                "source_address_prefixes": [],
                "source_application_security_group_ids": [],
                "source_port_range": "*",
                "source_port_ranges": []
              },
              {
                "access": "Allow",
                "description": "",
                "destination_address_prefix": "*",
                "destination_address_prefixes": [],
                "destination_application_security_group_ids": [],
                "destination_port_range": "443",
                "destination_port_ranges": [],
                "direction": "Inbound",
                "name": "HTTPS",
                "priority": 1002,
                "protocol": "Tcp",
                "source_address_prefix": "*",
                "source_address_prefixes": [],
                "source_application_security_group_ids": [],
                "source_port_range": "*",
                "source_port_ranges": []
              },
              {
                "access": "Allow",
                "description": "",
                "destination_address_prefix": "*",
                "destination_address_prefixes": [],
                "destination_application_security_group_ids": [],
                "destination_port_range": "80",
                "destination_port_ranges": [],
                "direction": "Inbound",
                "name": "HTTP",
                "priority": 1001,
                "protocol": "Tcp",
                "source_address_prefix": "*",
                "source_address_prefixes": [],
                "source_application_security_group_ids": [],
                "source_port_range": "*",
                "source_port_ranges": []
              }
            ],
            "tags": {
              "Name": "multi-cloud-ecommerce-nsg"
            },
            "timeouts": null
          },
          "sensitive_attributes": [],
          "private": "eyJlMmJmYjczMC1lY2FhLTExZTYtOGY4OC0zNDM2M2JjN2M0YzAiOnsiY3JlYXRlIjoxODAwMDAwMDAwMDAwLCJkZWxldGUiOjE4MDAwMDAwMDAwMDAsInJlYWQiOjMwMDAwMDAwMDAwMCwidXBkYXRlIjoxODAwMDAwMDAwMDAwfX0=",
          "dependencies": [
            "azurerm_resource_group.main"
          ]
        }
      ]
    },
    {
      "mode": "managed",
      "type": "azurerm_public_ip",
      "name": "main",
      "provider": "provider[\"registry.terraform.io/hashicorp/azurerm\"]",
      "instances": [
        {
          "schema_version": 0,
          "attributes": {
            "allocation_method": "Static",
            "ddos_protection_mode": "VirtualNetworkInherited",
            "ddos_protection_plan_id": null,
            "domain_name_label": null,
            "edge_zone": "",
            "fqdn": null,
            "id": "/subscriptions/7b0cdfdd-5d01-48c7-a2a3-ea8579421ab9/resourceGroups/multi-cloud-ecommerce-rg/providers/Microsoft.Network/publicIPAddresses/multi-cloud-ecommerce-lb-ip",
            "idle_timeout_in_minutes": 4,
            "ip_address": "52.236.124.177",
            "ip_tags": {},
            "ip_version": "IPv4",
            "location": "northeurope",
            "name": "multi-cloud-ecommerce-lb-ip",
            "public_ip_prefix_id": null,
            "resource_group_name": "multi-cloud-ecommerce-rg",
            "reverse_fqdn": null,
            "sku": "Standard",
            "sku_tier": "Regional",
            "tags": {
              "Name": "multi-cloud-ecommerce-load-balancer-ip"
            },
            "timeouts": null,
            "zones": []
          },
          "sensitive_attributes": [],
          "private": "eyJlMmJmYjczMC1lY2FhLTExZTYtOGY4OC0zNDM2M2JjN2M0YzAiOnsiY3JlYXRlIjoxODAwMDAwMDAwMDAwLCJkZWxldGUiOjE4MDAwMDAwMDAwMDAsInJlYWQiOjMwMDAwMDAwMDAwMCwidXBkYXRlIjoxODAwMDAwMDAwMDAwfX0=",
          "dependencies": [
            "azurerm_resource_group.main"
          ]
        }
      ]
    },
    {
      "mode": "managed",
      "type": "azurerm_resource_group",
      "name": "main",
      "provider": "provider[\"registry.terraform.io/hashicorp/azurerm\"]",
      "instances": [
        {
          "schema_version": 0,
          "attributes": {
            "id": "/subscriptions/7b0cdfdd-5d01-48c7-a2a3-ea8579421ab9/resourceGroups/multi-cloud-ecommerce-rg",
            "location": "northeurope",
            "managed_by": "",
            "name": "multi-cloud-ecommerce-rg",
            "tags": {
              "Name": "multi-cloud-ecommerce-resource-group"
            },
            "timeouts": null
          },
          "sensitive_attributes": [],
          "private": "eyJlMmJmYjczMC1lY2FhLTExZTYtOGY4OC0zNDM2M2JjN2M0YzAiOnsiY3JlYXRlIjo1NDAwMDAwMDAwMDAwLCJkZWxldGUiOjU0MDAwMDAwMDAwMDAsInJlYWQiOjMwMDAwMDAwMDAwMCwidXBkYXRlIjo1NDAwMDAwMDAwMDAwfX0="
        }
      ]
    },
    {
      "mode": "managed",
      "type": "azurerm_storage_account",
      "name": "main",
      "provider": "provider[\"registry.terraform.io/hashicorp/azurerm\"]",
      "instances": [
        {
          "schema_version": 4,
          "attributes": {
            "access_tier": "Hot",
            "account_kind": "StorageV2",
            "account_replication_type": "LRS",
            "account_tier": "Standard",
            "allow_nested_items_to_be_public": true,
            "allowed_copy_scope": "",
            "azure_files_authentication": [],
            "blob_properties": [
              {
                "change_feed_enabled": false,
                "change_feed_retention_in_days": 0,
                "container_delete_retention_policy": [],
                "cors_rule": [],
                "default_service_version": "",
                "delete_retention_policy": [],
                "last_access_time_enabled": false,
                "restore_policy": [],
                "versioning_enabled": false
              }
            ],
            "cross_tenant_replication_enabled": true,
            "custom_domain": [],
            "customer_managed_key": [],
            "default_to_oauth_authentication": false,
            "dns_endpoint_type": "Standard",
            "edge_zone": "",
            "enable_https_traffic_only": true,
            "https_traffic_only_enabled": true,
            "id": "/subscriptions/7b0cdfdd-5d01-48c7-a2a3-ea8579421ab9/resourceGroups/multi-cloud-ecommerce-rg/providers/Microsoft.Storage/storageAccounts/mcecommercestorage",
            "identity": [],
            "immutability_policy": [],
            "infrastructure_encryption_enabled": false,
            "is_hns_enabled": false,
            "large_file_share_enabled": false,
            "local_user_enabled": true,
            "location": "northeurope",
            "min_tls_version": "TLS1_2",
            "name": "mcecommercestorage",
            "network_rules": [],
            "nfsv3_enabled": false,
            "primary_access_key": "GwXWVNYFPpvh7/rf7ZqqY8EraiEQb7fSlc3LWPrMc28Fv7kRJLCcyUOyDJ1LIqsWd/GK4PUr2uZr+AStH5Apag==",
            "primary_blob_connection_string": "DefaultEndpointsProtocol=https;BlobEndpoint=https://mcecommercestorage.blob.core.windows.net/;AccountName=mcecommercestorage;AccountKey=GwXWVNYFPpvh7/rf7ZqqY8EraiEQb7fSlc3LWPrMc28Fv7kRJLCcyUOyDJ1LIqsWd/GK4PUr2uZr+AStH5Apag==",
            "primary_blob_endpoint": "https://mcecommercestorage.blob.core.windows.net/",
            "primary_blob_host": "mcecommercestorage.blob.core.windows.net",
            "primary_blob_internet_endpoint": "",
            "primary_blob_internet_host": "",
            "primary_blob_microsoft_endpoint": "",
            "primary_blob_microsoft_host": "",
            "primary_connection_string": "DefaultEndpointsProtocol=https;AccountName=mcecommercestorage;AccountKey=GwXWVNYFPpvh7/rf7ZqqY8EraiEQb7fSlc3LWPrMc28Fv7kRJLCcyUOyDJ1LIqsWd/GK4PUr2uZr+AStH5Apag==;EndpointSuffix=core.windows.net",
            "primary_dfs_endpoint": "https://mcecommercestorage.dfs.core.windows.net/",
            "primary_dfs_host": "mcecommercestorage.dfs.core.windows.net",
            "primary_dfs_internet_endpoint": "",
            "primary_dfs_internet_host": "",
            "primary_dfs_microsoft_endpoint": "",
            "primary_dfs_microsoft_host": "",
            "primary_file_endpoint": "https://mcecommercestorage.file.core.windows.net/",
            "primary_file_host": "mcecommercestorage.file.core.windows.net",
            "primary_file_internet_endpoint": "",
            "primary_file_internet_host": "",
            "primary_file_microsoft_endpoint": "",
            "primary_file_microsoft_host": "",
            "primary_location": "northeurope",
            "primary_queue_endpoint": "https://mcecommercestorage.queue.core.windows.net/",
            "primary_queue_host": "mcecommercestorage.queue.core.windows.net",
            "primary_queue_microsoft_endpoint": "",
            "primary_queue_microsoft_host": "",
            "primary_table_endpoint": "https://mcecommercestorage.table.core.windows.net/",
            "primary_table_host": "mcecommercestorage.table.core.windows.net",
            "primary_table_microsoft_endpoint": "",
            "primary_table_microsoft_host": "",
            "primary_web_endpoint": "https://mcecommercestorage.z16.web.core.windows.net/",
            "primary_web_host": "mcecommercestorage.z16.web.core.windows.net",
            "primary_web_internet_endpoint": "",
            "primary_web_internet_host": "",
            "primary_web_microsoft_endpoint": "",
            "primary_web_microsoft_host": "",
            "public_network_access_enabled": true,
            "queue_encryption_key_type": "Service",
            "queue_properties": [
              {
                "cors_rule": [],
                "hour_metrics": [
                  {
                    "enabled": false,
                    "include_apis": false,
                    "retention_policy_days": 0,
                    "version": "1.0"
                  }
                ],
                "logging": [
                  {
                    "delete": false,
                    "read": false,
                    "retention_policy_days": 0,
                    "version": "1.0",
                    "write": false
                  }
                ],
                "minute_metrics": [
                  {
                    "enabled": false,
                    "include_apis": false,
                    "retention_policy_days": 0,
                    "version": "1.0"
                  }
                ]
              }
            ],
            "resource_group_name": "multi-cloud-ecommerce-rg",
            "routing": [],
            "sas_policy": [],
            "secondary_access_key": "3JwPXiSMIcvSF9uFECs3OS+ubgih7KCxYMMDw31tf21B49rddwGCtQaLRX0bqQF9PRcA2u0cd5Ua+AStwOso/w==",
            "secondary_blob_connection_string": "",
            "secondary_blob_endpoint": "",
            "secondary_blob_host": "",
            "secondary_blob_internet_endpoint": "",
            "secondary_blob_internet_host": "",
            "secondary_blob_microsoft_endpoint": "",
            "secondary_blob_microsoft_host": "",
            "secondary_connection_string": "DefaultEndpointsProtocol=https;AccountName=mcecommercestorage;AccountKey=3JwPXiSMIcvSF9uFECs3OS+ubgih7KCxYMMDw31tf21B49rddwGCtQaLRX0bqQF9PRcA2u0cd5Ua+AStwOso/w==;EndpointSuffix=core.windows.net",
            "secondary_dfs_endpoint": "",
            "secondary_dfs_host": "",
            "secondary_dfs_internet_endpoint": "",
            "secondary_dfs_internet_host": "",
            "secondary_dfs_microsoft_endpoint": "",
            "secondary_dfs_microsoft_host": "",
            "secondary_file_endpoint": "",
            "secondary_file_host": "",
            "secondary_file_internet_endpoint": "",
            "secondary_file_internet_host": "",
            "secondary_file_microsoft_endpoint": "",
            "secondary_file_microsoft_host": "",
            "secondary_location": "",
            "secondary_queue_endpoint": "",
            "secondary_queue_host": "",
            "secondary_queue_microsoft_endpoint": "",
            "secondary_queue_microsoft_host": "",
            "secondary_table_endpoint": "",
            "secondary_table_host": "",
            "secondary_table_microsoft_endpoint": "",
            "secondary_table_microsoft_host": "",
            "secondary_web_endpoint": "",
            "secondary_web_host": "",
            "secondary_web_internet_endpoint": "",
            "secondary_web_internet_host": "",
            "secondary_web_microsoft_endpoint": "",
            "secondary_web_microsoft_host": "",
            "sftp_enabled": false,
            "share_properties": [
              {
                "cors_rule": [],
                "retention_policy": [
                  {
                    "days": 7
                  }
                ],
                "smb": []
              }
            ],
            "shared_access_key_enabled": true,
            "static_website": [],
            "table_encryption_key_type": "Service",
            "tags": {
              "Name": "multi-cloud-ecommerce-storage"
            },
            "timeouts": null
          },
          "sensitive_attributes": [],
          "private": "eyJlMmJmYjczMC1lY2FhLTExZTYtOGY4OC0zNDM2M2JjN2M0YzAiOnsiY3JlYXRlIjozNjAwMDAwMDAwMDAwLCJkZWxldGUiOjM2MDAwMDAwMDAwMDAsInJlYWQiOjMwMDAwMDAwMDAwMCwidXBkYXRlIjozNjAwMDAwMDAwMDAwfSwic2NoZW1hX3ZlcnNpb24iOiI0In0=",
          "dependencies": [
            "azurerm_resource_group.main"
          ]
        }
      ]
    },
    {
      "mode": "managed",
      "type": "azurerm_subnet",
      "name": "main",
      "provider": "provider[\"registry.terraform.io/hashicorp/azurerm\"]",
      "instances": [
        {
          "schema_version": 0,
          "attributes": {
            "address_prefixes": [
              "10.1.1.0/24"
            ],
            "default_outbound_access_enabled": true,
            "delegation": [],
            "enforce_private_link_endpoint_network_policies": false,
            "enforce_private_link_service_network_policies": false,
            "id": "/subscriptions/7b0cdfdd-5d01-48c7-a2a3-ea8579421ab9/resourceGroups/multi-cloud-ecommerce-rg/providers/Microsoft.Network/virtualNetworks/multi-cloud-ecommerce-vnet/subnets/multi-cloud-ecommerce-subnet",
            "name": "multi-cloud-ecommerce-subnet",
            "private_endpoint_network_policies": "Enabled",
            "private_endpoint_network_policies_enabled": true,
            "private_link_service_network_policies_enabled": true,
            "resource_group_name": "multi-cloud-ecommerce-rg",
            "service_endpoint_policy_ids": [],
            "service_endpoints": [],
            "timeouts": null,
            "virtual_network_name": "multi-cloud-ecommerce-vnet"
          },
          "sensitive_attributes": [],
          "private": "eyJlMmJmYjczMC1lY2FhLTExZTYtOGY4OC0zNDM2M2JjN2M0YzAiOnsiY3JlYXRlIjoxODAwMDAwMDAwMDAwLCJkZWxldGUiOjE4MDAwMDAwMDAwMDAsInJlYWQiOjMwMDAwMDAwMDAwMCwidXBkYXRlIjoxODAwMDAwMDAwMDAwfX0=",
          "dependencies": [
            "azurerm_resource_group.main",
            "azurerm_virtual_network.main"
          ]
        }
      ]
    },
    {
      "mode": "managed",
      "type": "azurerm_subnet_network_security_group_association",
      "name": "main",
      "provider": "provider[\"registry.terraform.io/hashicorp/azurerm\"]",
      "instances": [
        {
          "schema_version": 0,
          "attributes": {
            "id": "/subscriptions/7b0cdfdd-5d01-48c7-a2a3-ea8579421ab9/resourceGroups/multi-cloud-ecommerce-rg/providers/Microsoft.Network/virtualNetworks/multi-cloud-ecommerce-vnet/subnets/multi-cloud-ecommerce-subnet",
            "network_security_group_id": "/subscriptions/7b0cdfdd-5d01-48c7-a2a3-ea8579421ab9/resourceGroups/multi-cloud-ecommerce-rg/providers/Microsoft.Network/networkSecurityGroups/multi-cloud-ecommerce-nsg",
            "subnet_id": "/subscriptions/7b0cdfdd-5d01-48c7-a2a3-ea8579421ab9/resourceGroups/multi-cloud-ecommerce-rg/providers/Microsoft.Network/virtualNetworks/multi-cloud-ecommerce-vnet/subnets/multi-cloud-ecommerce-subnet",
            "timeouts": null
          },
          "sensitive_attributes": [],
          "private": "eyJlMmJmYjczMC1lY2FhLTExZTYtOGY4OC0zNDM2M2JjN2M0YzAiOnsiY3JlYXRlIjoxODAwMDAwMDAwMDAwLCJkZWxldGUiOjE4MDAwMDAwMDAwMDAsInJlYWQiOjMwMDAwMDAwMDAwMH19",
          "dependencies": [
            "azurerm_network_security_group.main",
            "azurerm_resource_group.main",
            "azurerm_subnet.main",
            "azurerm_virtual_network.main"
          ]
        }
      ]
    },
    {
      "mode": "managed",
      "type": "azurerm_virtual_network",
      "name": "main",
      "provider": "provider[\"registry.terraform.io/hashicorp/azurerm\"]",
      "instances": [
        {
          "schema_version": 0,
          "attributes": {
            "address_space": [
              "10.1.0.0/16"
            ],
            "bgp_community": "",
            "ddos_protection_plan": [],
            "dns_servers": [],
            "edge_zone": "",
            "encryption": [],
            "flow_timeout_in_minutes": 0,
            "guid": "43a1e0f9-b63e-433d-8587-74f4e5cbbac9",
            "id": "/subscriptions/7b0cdfdd-5d01-48c7-a2a3-ea8579421ab9/resourceGroups/multi-cloud-ecommerce-rg/providers/Microsoft.Network/virtualNetworks/multi-cloud-ecommerce-vnet",
            "location": "northeurope",
            "name": "multi-cloud-ecommerce-vnet",
            "resource_group_name": "multi-cloud-ecommerce-rg",
            "subnet": [
              {
                "address_prefix": "10.1.1.0/24",
                "id": "/subscriptions/7b0cdfdd-5d01-48c7-a2a3-ea8579421ab9/resourceGroups/multi-cloud-ecommerce-rg/providers/Microsoft.Network/virtualNetworks/multi-cloud-ecommerce-vnet/subnets/multi-cloud-ecommerce-subnet",
                "name": "multi-cloud-ecommerce-subnet",
                "security_group": "/subscriptions/7b0cdfdd-5d01-48c7-a2a3-ea8579421ab9/resourceGroups/multi-cloud-ecommerce-rg/providers/Microsoft.Network/networkSecurityGroups/multi-cloud-ecommerce-nsg"
              }
            ],
            "tags": {
              "Name": "multi-cloud-ecommerce-vnet"
            },
            "timeouts": null
          },
          "sensitive_attributes": [],
          "private": "eyJlMmJmYjczMC1lY2FhLTExZTYtOGY4OC0zNDM2M2JjN2M0YzAiOnsiY3JlYXRlIjoxODAwMDAwMDAwMDAwLCJkZWxldGUiOjE4MDAwMDAwMDAwMDAsInJlYWQiOjMwMDAwMDAwMDAwMCwidXBkYXRlIjoxODAwMDAwMDAwMDAwfX0=",
          "dependencies": [
            "azurerm_resource_group.main"
          ]
        }
      ]
    }
  ],
  "check_results": null
}
